// !$*UTF8*$!
{
	archiveVersion = 1;
	classes = {
	};
	objectVersion = 46;
	objects = {

/* Begin PBXBuildFile section */
		2914A7BA1D6F23D60021E9E6 /* backg.png in Resources */ = {isa = PBXBuildFile; fileRef = 2914A79E1D6F23D60021E9E6 /* backg.png */; };
		2914A7BB1D6F23D60021E9E6 /* background.png in Resources */ = {isa = PBXBuildFile; fileRef = 2914A79F1D6F23D60021E9E6 /* background.png */; };
		2914A7BC1D6F23D60021E9E6 /* bordermark.png in Resources */ = {isa = PBXBuildFile; fileRef = 2914A7A01D6F23D60021E9E6 /* bordermark.png */; };
		2914A7BD1D6F23D60021E9E6 /* centermove.png in Resources */ = {isa = PBXBuildFile; fileRef = 2914A7A11D6F23D60021E9E6 /* centermove.png */; };
		2914A7BE1D6F23D60021E9E6 /* erase.png in Resources */ = {isa = PBXBuildFile; fileRef = 2914A7A21D6F23D60021E9E6 /* erase.png */; };
		2914A7BF1D6F23D60021E9E6 /* in.png in Resources */ = {isa = PBXBuildFile; fileRef = 2914A7A31D6F23D60021E9E6 /* in.png */; };
		2914A7C01D6F23D60021E9E6 /* inclick.png in Resources */ = {isa = PBXBuildFile; fileRef = 2914A7A41D6F23D60021E9E6 /* inclick.png */; };
		2914A7C11D6F23D60021E9E6 /* itunes_barFill.png in Resources */ = {isa = PBXBuildFile; fileRef = 2914A7A51D6F23D60021E9E6 /* itunes_barFill.png */; };
		2914A7C21D6F23D60021E9E6 /* itunes_barFillBeforeknob.png in Resources */ = {isa = PBXBuildFile; fileRef = 2914A7A61D6F23D60021E9E6 /* itunes_barFillBeforeknob.png */; };
		2914A7C31D6F23D60021E9E6 /* itunes_barLeftAge.png in Resources */ = {isa = PBXBuildFile; fileRef = 2914A7A71D6F23D60021E9E6 /* itunes_barLeftAge.png */; };
		2914A7C41D6F23D60021E9E6 /* itunes_barRightAge.png in Resources */ = {isa = PBXBuildFile; fileRef = 2914A7A81D6F23D60021E9E6 /* itunes_barRightAge.png */; };
		2914A7C51D6F23D60021E9E6 /* itunes_knob.png in Resources */ = {isa = PBXBuildFile; fileRef = 2914A7A91D6F23D60021E9E6 /* itunes_knob.png */; };
		2914A7C61D6F23D60021E9E6 /* leftcorner.png in Resources */ = {isa = PBXBuildFile; fileRef = 2914A7AA1D6F23D60021E9E6 /* leftcorner.png */; };
		2914A7C71D6F23D60021E9E6 /* newbg.png in Resources */ = {isa = PBXBuildFile; fileRef = 2914A7AB1D6F23D60021E9E6 /* newbg.png */; };
		2914A7C81D6F23D60021E9E6 /* open.png in Resources */ = {isa = PBXBuildFile; fileRef = 2914A7AC1D6F23D60021E9E6 /* open.png */; };
		2914A7C91D6F23D60021E9E6 /* out.png in Resources */ = {isa = PBXBuildFile; fileRef = 2914A7AD1D6F23D60021E9E6 /* out.png */; };
		2914A7CA1D6F23D60021E9E6 /* outclick.png in Resources */ = {isa = PBXBuildFile; fileRef = 2914A7AE1D6F23D60021E9E6 /* outclick.png */; };
		2914A7CB1D6F23D60021E9E6 /* red.logoist in Resources */ = {isa = PBXBuildFile; fileRef = 2914A7AF1D6F23D60021E9E6 /* red.logoist */; };
		2914A7CC1D6F23D60021E9E6 /* redo.png in Resources */ = {isa = PBXBuildFile; fileRef = 2914A7B01D6F23D60021E9E6 /* redo.png */; };
		2914A7CD1D6F23D60021E9E6 /* rightbuttom.png in Resources */ = {isa = PBXBuildFile; fileRef = 2914A7B11D6F23D60021E9E6 /* rightbuttom.png */; };
		2914A7CE1D6F23D60021E9E6 /* rightcorner.png in Resources */ = {isa = PBXBuildFile; fileRef = 2914A7B21D6F23D60021E9E6 /* rightcorner.png */; };
		2914A7CF1D6F23D60021E9E6 /* save.png in Resources */ = {isa = PBXBuildFile; fileRef = 2914A7B31D6F23D60021E9E6 /* save.png */; };
		2914A7D01D6F23D60021E9E6 /* smallbg.png in Resources */ = {isa = PBXBuildFile; fileRef = 2914A7B41D6F23D60021E9E6 /* smallbg.png */; };
		2914A7D11D6F23D60021E9E6 /* start.png in Resources */ = {isa = PBXBuildFile; fileRef = 2914A7B51D6F23D60021E9E6 /* start.png */; };
		2914A7D21D6F23D60021E9E6 /* undo.png in Resources */ = {isa = PBXBuildFile; fileRef = 2914A7B61D6F23D60021E9E6 /* undo.png */; };
		2914A7D31D6F23D60021E9E6 /* zoomin.png in Resources */ = {isa = PBXBuildFile; fileRef = 2914A7B71D6F23D60021E9E6 /* zoomin.png */; };
		2914A7D41D6F23D60021E9E6 /* zoominclick.png in Resources */ = {isa = PBXBuildFile; fileRef = 2914A7B81D6F23D60021E9E6 /* zoominclick.png */; };
		2914A7D51D6F23D60021E9E6 /* zoomout.png in Resources */ = {isa = PBXBuildFile; fileRef = 2914A7B91D6F23D60021E9E6 /* zoomout.png */; };
		2914A8061D6F241E0021E9E6 /* mattviewController.m in Sources */ = {isa = PBXBuildFile; fileRef = 2914A8041D6F241E0021E9E6 /* mattviewController.m */; };
		2914A8071D6F241E0021E9E6 /* mattviewController.xib in Resources */ = {isa = PBXBuildFile; fileRef = 2914A8051D6F241E0021E9E6 /* mattviewController.xib */; };
		2914A80A1D6F2B3C0021E9E6 /* BrushPoint.m in Sources */ = {isa = PBXBuildFile; fileRef = 2914A8091D6F2B3C0021E9E6 /* BrushPoint.m */; };
		2914A80B1D708B290021E9E6 /* libopencv_videostab.2.4.3.dylib in CopyFiles */ = {isa = PBXBuildFile; fileRef = DF3824BA1D6FDF3C006101F1 /* libopencv_videostab.2.4.3.dylib */; settings = {ATTRIBUTES = (CodeSignOnCopy, ); }; };
		2914A80C1D708B290021E9E6 /* libopencv_stitching.2.4.3.dylib in CopyFiles */ = {isa = PBXBuildFile; fileRef = DF3824BB1D6FDF3C006101F1 /* libopencv_stitching.2.4.3.dylib */; settings = {ATTRIBUTES = (CodeSignOnCopy, ); }; };
		2914A80D1D708B290021E9E6 /* libopencv_ts.2.4.3.dylib in CopyFiles */ = {isa = PBXBuildFile; fileRef = DF3824BC1D6FDF3C006101F1 /* libopencv_ts.2.4.3.dylib */; settings = {ATTRIBUTES = (CodeSignOnCopy, ); }; };
		2914A80E1D708B290021E9E6 /* libopencv_video.2.4.3.dylib in CopyFiles */ = {isa = PBXBuildFile; fileRef = DF3824BD1D6FDF3C006101F1 /* libopencv_video.2.4.3.dylib */; settings = {ATTRIBUTES = (CodeSignOnCopy, ); }; };
		2914A80F1D708B290021E9E6 /* libopencv_photo.2.4.3.dylib in CopyFiles */ = {isa = PBXBuildFile; fileRef = DF3824BE1D6FDF3C006101F1 /* libopencv_photo.2.4.3.dylib */; settings = {ATTRIBUTES = (CodeSignOnCopy, ); }; };
		2914A8101D708B290021E9E6 /* libopencv_ml.2.4.3.dylib in CopyFiles */ = {isa = PBXBuildFile; fileRef = DF3824BF1D6FDF3C006101F1 /* libopencv_ml.2.4.3.dylib */; settings = {ATTRIBUTES = (CodeSignOnCopy, ); }; };
		2914A8111D708B290021E9E6 /* libopencv_nonfree.2.4.3.dylib in CopyFiles */ = {isa = PBXBuildFile; fileRef = DF3824C01D6FDF3C006101F1 /* libopencv_nonfree.2.4.3.dylib */; settings = {ATTRIBUTES = (CodeSignOnCopy, ); }; };
		2914A8121D708B290021E9E6 /* libopencv_objdetect.2.4.3.dylib in CopyFiles */ = {isa = PBXBuildFile; fileRef = DF3824C11D6FDF3C006101F1 /* libopencv_objdetect.2.4.3.dylib */; settings = {ATTRIBUTES = (CodeSignOnCopy, ); }; };
		2914A8131D708B290021E9E6 /* libopencv_imgproc.2.4.3.dylib in CopyFiles */ = {isa = PBXBuildFile; fileRef = DF3824C21D6FDF3C006101F1 /* libopencv_imgproc.2.4.3.dylib */; settings = {ATTRIBUTES = (CodeSignOnCopy, ); }; };
		2914A8141D708B290021E9E6 /* libopencv_legacy.2.4.3.dylib in CopyFiles */ = {isa = PBXBuildFile; fileRef = DF3824C31D6FDF3C006101F1 /* libopencv_legacy.2.4.3.dylib */; settings = {ATTRIBUTES = (CodeSignOnCopy, ); }; };
		2914A8151D708B290021E9E6 /* libopencv_gpu.2.4.3.dylib in CopyFiles */ = {isa = PBXBuildFile; fileRef = DF3824C41D6FDF3C006101F1 /* libopencv_gpu.2.4.3.dylib */; settings = {ATTRIBUTES = (CodeSignOnCopy, ); }; };
		2914A8161D708B290021E9E6 /* libopencv_highgui.2.4.3.dylib in CopyFiles */ = {isa = PBXBuildFile; fileRef = DF3824C51D6FDF3C006101F1 /* libopencv_highgui.2.4.3.dylib */; settings = {ATTRIBUTES = (CodeSignOnCopy, ); }; };
		2914A8171D708B290021E9E6 /* libopencv_core.2.4.3.dylib in CopyFiles */ = {isa = PBXBuildFile; fileRef = DF3824C61D6FDF3C006101F1 /* libopencv_core.2.4.3.dylib */; settings = {ATTRIBUTES = (CodeSignOnCopy, ); }; };
		2914A8181D708B290021E9E6 /* libopencv_features2d.2.4.3.dylib in CopyFiles */ = {isa = PBXBuildFile; fileRef = DF3824C71D6FDF3C006101F1 /* libopencv_features2d.2.4.3.dylib */; settings = {ATTRIBUTES = (CodeSignOnCopy, ); }; };
		2914A8191D708B290021E9E6 /* libopencv_flann.2.4.3.dylib in CopyFiles */ = {isa = PBXBuildFile; fileRef = DF3824C81D6FDF3C006101F1 /* libopencv_flann.2.4.3.dylib */; settings = {ATTRIBUTES = (CodeSignOnCopy, ); }; };
		2914A81A1D708B290021E9E6 /* libopencv_calib3d.2.4.3.dylib in CopyFiles */ = {isa = PBXBuildFile; fileRef = DF3824C91D6FDF3C006101F1 /* libopencv_calib3d.2.4.3.dylib */; settings = {ATTRIBUTES = (CodeSignOnCopy, ); }; };
		2914A81B1D708B290021E9E6 /* libopencv_contrib.2.4.3.dylib in CopyFiles */ = {isa = PBXBuildFile; fileRef = DF3824CA1D6FDF3C006101F1 /* libopencv_contrib.2.4.3.dylib */; settings = {ATTRIBUTES = (CodeSignOnCopy, ); }; };
		2914A81D1D71C6E60021E9E6 /* pencil.png in Resources */ = {isa = PBXBuildFile; fileRef = 2914A81C1D71C6E60021E9E6 /* pencil.png */; };
		2914A81F1D71CC1F0021E9E6 /* stroke.png in Resources */ = {isa = PBXBuildFile; fileRef = 2914A81E1D71CC1F0021E9E6 /* stroke.png */; };
		2914A8211D71D0860021E9E6 /* strokeclick.png in Resources */ = {isa = PBXBuildFile; fileRef = 2914A8201D71D0860021E9E6 /* strokeclick.png */; };
		DF043B7E1DEECF4E00E42460 /* CoreImage.framework in Frameworks */ = {isa = PBXBuildFile; fileRef = DF043B7D1DEECF4E00E42460 /* CoreImage.framework */; };
		DF043B801DF062C000E42460 /* arrow.png in Resources */ = {isa = PBXBuildFile; fileRef = DF043B7F1DF062C000E42460 /* arrow.png */; };
		DF139FE71D7FE3460018C063 /* insert.png in Resources */ = {isa = PBXBuildFile; fileRef = DF139FE61D7FE3460018C063 /* insert.png */; };
		DF27CE1F1CFEC5A7009DAA27 /* imagetrans.m in Sources */ = {isa = PBXBuildFile; fileRef = DF27CE1E1CFEC5A7009DAA27 /* imagetrans.m */; };
		DF27CE221CFFE4E0009DAA27 /* opencvproxy.mm in Sources */ = {isa = PBXBuildFile; fileRef = DF27CE201CFFE4E0009DAA27 /* opencvproxy.mm */; };
		DF27CE241CFFEE38009DAA27 /* AppKit.framework in Frameworks */ = {isa = PBXBuildFile; fileRef = DF27CE231CFFEE38009DAA27 /* AppKit.framework */; };
		DF38248B1D6FDE95006101F1 /* brushview.m in Sources */ = {isa = PBXBuildFile; fileRef = DF3824711D6FDE95006101F1 /* brushview.m */; };
		DF38248C1D6FDE95006101F1 /* progresswindow.xib in Resources */ = {isa = PBXBuildFile; fileRef = DF3824721D6FDE95006101F1 /* progresswindow.xib */; };
		DF38248D1D6FDE95006101F1 /* resizebound.m in Sources */ = {isa = PBXBuildFile; fileRef = DF3824731D6FDE95006101F1 /* resizebound.m */; };
		DF38248E1D6FDE95006101F1 /* shellview.m in Sources */ = {isa = PBXBuildFile; fileRef = DF3824751D6FDE95006101F1 /* shellview.m */; };
		DF38248F1D6FDE96006101F1 /* TCScroller.m in Sources */ = {isa = PBXBuildFile; fileRef = DF3824761D6FDE95006101F1 /* TCScroller.m */; };
		DF3824901D6FDE96006101F1 /* SynchroScrollView.m in Sources */ = {isa = PBXBuildFile; fileRef = DF3824771D6FDE95006101F1 /* SynchroScrollView.m */; };
		DF3824911D6FDE96006101F1 /* RFOverlayScroller.m in Sources */ = {isa = PBXBuildFile; fileRef = DF38247A1D6FDE95006101F1 /* RFOverlayScroller.m */; };
		DF3824921D6FDE96006101F1 /* backgroundbound.m in Sources */ = {isa = PBXBuildFile; fileRef = DF38247C1D6FDE95006101F1 /* backgroundbound.m */; };
		DF3824931D6FDE96006101F1 /* sharedmatting.mm in Sources */ = {isa = PBXBuildFile; fileRef = DF3824811D6FDE95006101F1 /* sharedmatting.mm */; };
		DF3824941D6FDE96006101F1 /* CTCSliderCell.m in Sources */ = {isa = PBXBuildFile; fileRef = DF3824841D6FDE95006101F1 /* CTCSliderCell.m */; };
		DF3824951D6FDE96006101F1 /* CTCSlider.m in Sources */ = {isa = PBXBuildFile; fileRef = DF3824851D6FDE95006101F1 /* CTCSlider.m */; };
		DF3824961D6FDE96006101F1 /* matt.mm in Sources */ = {isa = PBXBuildFile; fileRef = DF3824881D6FDE95006101F1 /* matt.mm */; };
		DF3824971D6FDE96006101F1 /* progresswindow.m in Sources */ = {isa = PBXBuildFile; fileRef = DF3824891D6FDE95006101F1 /* progresswindow.m */; };
		DF3824CB1D6FDF3C006101F1 /* libopencv_videostab.2.4.3.dylib in Frameworks */ = {isa = PBXBuildFile; fileRef = DF3824BA1D6FDF3C006101F1 /* libopencv_videostab.2.4.3.dylib */; };
		DF3824CC1D6FDF3C006101F1 /* libopencv_stitching.2.4.3.dylib in Frameworks */ = {isa = PBXBuildFile; fileRef = DF3824BB1D6FDF3C006101F1 /* libopencv_stitching.2.4.3.dylib */; };
		DF3824CD1D6FDF3C006101F1 /* libopencv_ts.2.4.3.dylib in Frameworks */ = {isa = PBXBuildFile; fileRef = DF3824BC1D6FDF3C006101F1 /* libopencv_ts.2.4.3.dylib */; };
		DF3824CE1D6FDF3C006101F1 /* libopencv_video.2.4.3.dylib in Frameworks */ = {isa = PBXBuildFile; fileRef = DF3824BD1D6FDF3C006101F1 /* libopencv_video.2.4.3.dylib */; };
		DF3824CF1D6FDF3C006101F1 /* libopencv_photo.2.4.3.dylib in Frameworks */ = {isa = PBXBuildFile; fileRef = DF3824BE1D6FDF3C006101F1 /* libopencv_photo.2.4.3.dylib */; };
		DF3824D01D6FDF3C006101F1 /* libopencv_ml.2.4.3.dylib in Frameworks */ = {isa = PBXBuildFile; fileRef = DF3824BF1D6FDF3C006101F1 /* libopencv_ml.2.4.3.dylib */; };
		DF3824D11D6FDF3C006101F1 /* libopencv_nonfree.2.4.3.dylib in Frameworks */ = {isa = PBXBuildFile; fileRef = DF3824C01D6FDF3C006101F1 /* libopencv_nonfree.2.4.3.dylib */; };
		DF3824D21D6FDF3C006101F1 /* libopencv_objdetect.2.4.3.dylib in Frameworks */ = {isa = PBXBuildFile; fileRef = DF3824C11D6FDF3C006101F1 /* libopencv_objdetect.2.4.3.dylib */; };
		DF3824D31D6FDF3C006101F1 /* libopencv_imgproc.2.4.3.dylib in Frameworks */ = {isa = PBXBuildFile; fileRef = DF3824C21D6FDF3C006101F1 /* libopencv_imgproc.2.4.3.dylib */; };
		DF3824D41D6FDF3C006101F1 /* libopencv_legacy.2.4.3.dylib in Frameworks */ = {isa = PBXBuildFile; fileRef = DF3824C31D6FDF3C006101F1 /* libopencv_legacy.2.4.3.dylib */; };
		DF3824D51D6FDF3C006101F1 /* libopencv_gpu.2.4.3.dylib in Frameworks */ = {isa = PBXBuildFile; fileRef = DF3824C41D6FDF3C006101F1 /* libopencv_gpu.2.4.3.dylib */; };
		DF3824D61D6FDF3C006101F1 /* libopencv_highgui.2.4.3.dylib in Frameworks */ = {isa = PBXBuildFile; fileRef = DF3824C51D6FDF3C006101F1 /* libopencv_highgui.2.4.3.dylib */; };
		DF3824D71D6FDF3C006101F1 /* libopencv_core.2.4.3.dylib in Frameworks */ = {isa = PBXBuildFile; fileRef = DF3824C61D6FDF3C006101F1 /* libopencv_core.2.4.3.dylib */; };
		DF3824D81D6FDF3C006101F1 /* libopencv_features2d.2.4.3.dylib in Frameworks */ = {isa = PBXBuildFile; fileRef = DF3824C71D6FDF3C006101F1 /* libopencv_features2d.2.4.3.dylib */; };
		DF3824D91D6FDF3C006101F1 /* libopencv_flann.2.4.3.dylib in Frameworks */ = {isa = PBXBuildFile; fileRef = DF3824C81D6FDF3C006101F1 /* libopencv_flann.2.4.3.dylib */; };
		DF3824DA1D6FDF3C006101F1 /* libopencv_calib3d.2.4.3.dylib in Frameworks */ = {isa = PBXBuildFile; fileRef = DF3824C91D6FDF3C006101F1 /* libopencv_calib3d.2.4.3.dylib */; };
		DF3824DB1D6FDF3C006101F1 /* libopencv_contrib.2.4.3.dylib in Frameworks */ = {isa = PBXBuildFile; fileRef = DF3824CA1D6FDF3C006101F1 /* libopencv_contrib.2.4.3.dylib */; };
		DF3824DD1D7037B4006101F1 /* mouseover.png in Resources */ = {isa = PBXBuildFile; fileRef = DF3824DC1D7037B4006101F1 /* mouseover.png */; };
		DF3824E01D703A57006101F1 /* premattview.m in Sources */ = {isa = PBXBuildFile; fileRef = DF3824DF1D703A57006101F1 /* premattview.m */; };
		DF3824E31D797908006101F1 /* mattbackgroundview.m in Sources */ = {isa = PBXBuildFile; fileRef = DF3824E21D797908006101F1 /* mattbackgroundview.m */; };
		DF3824E91D79B718006101F1 /* mattwindowcontroller.m in Sources */ = {isa = PBXBuildFile; fileRef = DF3824E71D79B718006101F1 /* mattwindowcontroller.m */; };
		DF3824EA1D79B718006101F1 /* mattwindowcontroller.xib in Resources */ = {isa = PBXBuildFile; fileRef = DF3824E81D79B718006101F1 /* mattwindowcontroller.xib */; };
		DF3CFF941CF6908B008B325B /* AppDelegate.m in Sources */ = {isa = PBXBuildFile; fileRef = DF3CFF931CF6908B008B325B /* AppDelegate.m */; };
		DF3CFF971CF6908B008B325B /* main.m in Sources */ = {isa = PBXBuildFile; fileRef = DF3CFF961CF6908B008B325B /* main.m */; };
		DF3CFF991CF6908B008B325B /* Assets.xcassets in Resources */ = {isa = PBXBuildFile; fileRef = DF3CFF981CF6908B008B325B /* Assets.xcassets */; };
		DF3CFF9C1CF6908B008B325B /* MainMenu.xib in Resources */ = {isa = PBXBuildFile; fileRef = DF3CFF9A1CF6908B008B325B /* MainMenu.xib */; };
		DF3CFFA71CF6908B008B325B /* testDrawSketchTests.m in Sources */ = {isa = PBXBuildFile; fileRef = DF3CFFA61CF6908B008B325B /* testDrawSketchTests.m */; };
		DF3CFFB21CF6908B008B325B /* testDrawSketchUITests.m in Sources */ = {isa = PBXBuildFile; fileRef = DF3CFFB11CF6908B008B325B /* testDrawSketchUITests.m */; };
		DF3CFFC11CF693AE008B325B /* drawSketch.m in Sources */ = {isa = PBXBuildFile; fileRef = DF3CFFC01CF693AE008B325B /* drawSketch.m */; };
		DF415F4D1DBB4B4000079302 /* pink.png in Resources */ = {isa = PBXBuildFile; fileRef = DF415F4C1DBB4B4000079302 /* pink.png */; };
		DF57CC181D0FA5F6005AD426 /* query2image.m in Sources */ = {isa = PBXBuildFile; fileRef = DF57CC171D0FA5F6005AD426 /* query2image.m */; };
		DF57CC1B1D0FADA0005AD426 /* imageitem.m in Sources */ = {isa = PBXBuildFile; fileRef = DF57CC1A1D0FADA0005AD426 /* imageitem.m */; };
		DF57CC1E1D1248AA005AD426 /* Quartz.framework in Frameworks */ = {isa = PBXBuildFile; fileRef = DF57CC1C1D1248AA005AD426 /* Quartz.framework */; };
		DF57CC1F1D1248AA005AD426 /* QuartzCore.framework in Frameworks */ = {isa = PBXBuildFile; fileRef = DF57CC1D1D1248AA005AD426 /* QuartzCore.framework */; };
		DF57CC221D128B0E005AD426 /* scrollimagedelegate.m in Sources */ = {isa = PBXBuildFile; fileRef = DF57CC211D128B0E005AD426 /* scrollimagedelegate.m */; };
		DF57CC251D17B405005AD426 /* thumbnailView.m in Sources */ = {isa = PBXBuildFile; fileRef = DF57CC241D17B405005AD426 /* thumbnailView.m */; };
		DF57CC281D17CD42005AD426 /* thumbnailViewCollection.m in Sources */ = {isa = PBXBuildFile; fileRef = DF57CC271D17CD42005AD426 /* thumbnailViewCollection.m */; };
		DF5B40AC1D193739008F8F26 /* drawSketchCollection.m in Sources */ = {isa = PBXBuildFile; fileRef = DF5B40AB1D193739008F8F26 /* drawSketchCollection.m */; };
		DF68360B1DC895EB003AC041 /* editimageresultview.m in Sources */ = {isa = PBXBuildFile; fileRef = DF68360A1DC895EB003AC041 /* editimageresultview.m */; };
		DF6AA2681D927C310000184C /* resultdetailViewController.m in Sources */ = {isa = PBXBuildFile; fileRef = DF6AA2661D927C310000184C /* resultdetailViewController.m */; };
		DF6AA2691D927C310000184C /* resultdetailViewController.xib in Resources */ = {isa = PBXBuildFile; fileRef = DF6AA2671D927C310000184C /* resultdetailViewController.xib */; };
		DF9673911DC07D2B0075DC29 /* drawingBoard.m in Sources */ = {isa = PBXBuildFile; fileRef = DF9673901DC07D2B0075DC29 /* drawingBoard.m */; };
		DF9673941DC07E640075DC29 /* boardshell.m in Sources */ = {isa = PBXBuildFile; fileRef = DF9673931DC07E640075DC29 /* boardshell.m */; };
		DF98F9111E1246B200893D08 /* backgroundview.m in Sources */ = {isa = PBXBuildFile; fileRef = DF98F9101E1246B200893D08 /* backgroundview.m */; };
		DF98F9141E12470900893D08 /* backgroundedit.m in Sources */ = {isa = PBXBuildFile; fileRef = DF98F9131E12470900893D08 /* backgroundedit.m */; };
		DFC58C241D0EA40000E06DFD /* downfile.m in Sources */ = {isa = PBXBuildFile; fileRef = DFC58C231D0EA40000E06DFD /* downfile.m */; };
		DFCB82F71DBF1F2300ECC965 /* serverOptions.m in Sources */ = {isa = PBXBuildFile; fileRef = DFCB82F61DBF1F2300ECC965 /* serverOptions.m */; };
		DFCB82FA1DBF2C1500ECC965 /* serveroptions.plist in Resources */ = {isa = PBXBuildFile; fileRef = DFCB82F91DBF2C1500ECC965 /* serveroptions.plist */; };
		DFCB82FE1DBF2F7D00ECC965 /* sogouimage.ico in Resources */ = {isa = PBXBuildFile; fileRef = DFCB82FB1DBF2F7D00ECC965 /* sogouimage.ico */; };
		DFCB82FF1DBF2F7D00ECC965 /* bingimage.ico in Resources */ = {isa = PBXBuildFile; fileRef = DFCB82FC1DBF2F7D00ECC965 /* bingimage.ico */; };
		DFCB83001DBF2F7D00ECC965 /* baiduimage.ico in Resources */ = {isa = PBXBuildFile; fileRef = DFCB82FD1DBF2F7D00ECC965 /* baiduimage.ico */; };
		DFDE8E1E1D3379CC00A13724 /* CmCv.mm in Sources */ = {isa = PBXBuildFile; fileRef = DFDE8E0E1D3379CC00A13724 /* CmCv.mm */; };
		DFDE8E1F1D3379CC00A13724 /* cmdefine.mm in Sources */ = {isa = PBXBuildFile; fileRef = DFDE8E101D3379CC00A13724 /* cmdefine.mm */; };
		DFDE8E201D3379CC00A13724 /* CmEvaluation.mm in Sources */ = {isa = PBXBuildFile; fileRef = DFDE8E121D3379CC00A13724 /* CmEvaluation.mm */; };
		DFDE8E211D3379CC00A13724 /* CmGMM.mm in Sources */ = {isa = PBXBuildFile; fileRef = DFDE8E141D3379CC00A13724 /* CmGMM.mm */; };
		DFDE8E221D3379CC00A13724 /* CmSalCut.mm in Sources */ = {isa = PBXBuildFile; fileRef = DFDE8E161D3379CC00A13724 /* CmSalCut.mm */; };
		DFDE8E231D3379CC00A13724 /* CmSaliencyRC.mm in Sources */ = {isa = PBXBuildFile; fileRef = DFDE8E181D3379CC00A13724 /* CmSaliencyRC.mm */; };
		DFDE8E241D3379CC00A13724 /* segment-image.cpp in Sources */ = {isa = PBXBuildFile; fileRef = DFDE8E1C1D3379CC00A13724 /* segment-image.cpp */; };
		DFDE8E2B1D337A0300A13724 /* blue.png in Resources */ = {isa = PBXBuildFile; fileRef = DFDE8E251D337A0300A13724 /* blue.png */; };
		DFDE8E2C1D337A0300A13724 /* green.png in Resources */ = {isa = PBXBuildFile; fileRef = DFDE8E261D337A0300A13724 /* green.png */; };
		DFDE8E2D1D337A0300A13724 /* purple.png in Resources */ = {isa = PBXBuildFile; fileRef = DFDE8E271D337A0300A13724 /* purple.png */; };
		DFDE8E2E1D337A0300A13724 /* red.png in Resources */ = {isa = PBXBuildFile; fileRef = DFDE8E281D337A0300A13724 /* red.png */; };
		DFDE8E2F1D337A0300A13724 /* tick.png in Resources */ = {isa = PBXBuildFile; fileRef = DFDE8E291D337A0300A13724 /* tick.png */; };
		DFDE8E301D337A0300A13724 /* yellow.png in Resources */ = {isa = PBXBuildFile; fileRef = DFDE8E2A1D337A0300A13724 /* yellow.png */; };
		DFEA8EB91D23B7CD00A2D87A /* scrollCell.m in Sources */ = {isa = PBXBuildFile; fileRef = DFEA8EB81D23B7CD00A2D87A /* scrollCell.m */; };
		DFEA8EC51D23BA2900A2D87A /* scrollBrowserView.m in Sources */ = {isa = PBXBuildFile; fileRef = DFEA8EC41D23BA2900A2D87A /* scrollBrowserView.m */; };
		DFEA8ED21D2CFCD800A2D87A /* resultimageview.m in Sources */ = {isa = PBXBuildFile; fileRef = DFEA8ED11D2CFCD800A2D87A /* resultimageview.m */; };
/* End PBXBuildFile section */

/* Begin PBXContainerItemProxy section */
		DF3CFFA31CF6908B008B325B /* PBXContainerItemProxy */ = {
			isa = PBXContainerItemProxy;
			containerPortal = DF3CFF871CF6908B008B325B /* Project object */;
			proxyType = 1;
			remoteGlobalIDString = DF3CFF8E1CF6908B008B325B;
			remoteInfo = testDrawSketch;
		};
		DF3CFFAE1CF6908B008B325B /* PBXContainerItemProxy */ = {
			isa = PBXContainerItemProxy;
			containerPortal = DF3CFF871CF6908B008B325B /* Project object */;
			proxyType = 1;
			remoteGlobalIDString = DF3CFF8E1CF6908B008B325B;
			remoteInfo = testDrawSketch;
		};
/* End PBXContainerItemProxy section */

/* Begin PBXCopyFilesBuildPhase section */
		2966C57B1D522D2E001FFB7E /* CopyFiles */ = {
			isa = PBXCopyFilesBuildPhase;
			buildActionMask = 2147483647;
			dstPath = dylib;
			dstSubfolderSpec = 10;
			files = (
				2914A80B1D708B290021E9E6 /* libopencv_videostab.2.4.3.dylib in CopyFiles */,
				2914A80C1D708B290021E9E6 /* libopencv_stitching.2.4.3.dylib in CopyFiles */,
				2914A80D1D708B290021E9E6 /* libopencv_ts.2.4.3.dylib in CopyFiles */,
				2914A80E1D708B290021E9E6 /* libopencv_video.2.4.3.dylib in CopyFiles */,
				2914A80F1D708B290021E9E6 /* libopencv_photo.2.4.3.dylib in CopyFiles */,
				2914A8101D708B290021E9E6 /* libopencv_ml.2.4.3.dylib in CopyFiles */,
				2914A8111D708B290021E9E6 /* libopencv_nonfree.2.4.3.dylib in CopyFiles */,
				2914A8121D708B290021E9E6 /* libopencv_objdetect.2.4.3.dylib in CopyFiles */,
				2914A8131D708B290021E9E6 /* libopencv_imgproc.2.4.3.dylib in CopyFiles */,
				2914A8141D708B290021E9E6 /* libopencv_legacy.2.4.3.dylib in CopyFiles */,
				2914A8151D708B290021E9E6 /* libopencv_gpu.2.4.3.dylib in CopyFiles */,
				2914A8161D708B290021E9E6 /* libopencv_highgui.2.4.3.dylib in CopyFiles */,
				2914A8171D708B290021E9E6 /* libopencv_core.2.4.3.dylib in CopyFiles */,
				2914A8181D708B290021E9E6 /* libopencv_features2d.2.4.3.dylib in CopyFiles */,
				2914A8191D708B290021E9E6 /* libopencv_flann.2.4.3.dylib in CopyFiles */,
				2914A81A1D708B290021E9E6 /* libopencv_calib3d.2.4.3.dylib in CopyFiles */,
				2914A81B1D708B290021E9E6 /* libopencv_contrib.2.4.3.dylib in CopyFiles */,
			);
			runOnlyForDeploymentPostprocessing = 0;
		};
/* End PBXCopyFilesBuildPhase section */

/* Begin PBXFileReference section */
		2914A79E1D6F23D60021E9E6 /* backg.png */ = {isa = PBXFileReference; lastKnownFileType = image.png; name = backg.png; path = ../../icons/backg.png; sourceTree = "<group>"; };
		2914A79F1D6F23D60021E9E6 /* background.png */ = {isa = PBXFileReference; lastKnownFileType = image.png; name = background.png; path = ../../icons/background.png; sourceTree = "<group>"; };
		2914A7A01D6F23D60021E9E6 /* bordermark.png */ = {isa = PBXFileReference; lastKnownFileType = image.png; name = bordermark.png; path = ../../icons/bordermark.png; sourceTree = "<group>"; };
		2914A7A11D6F23D60021E9E6 /* centermove.png */ = {isa = PBXFileReference; lastKnownFileType = image.png; name = centermove.png; path = ../../icons/centermove.png; sourceTree = "<group>"; };
		2914A7A21D6F23D60021E9E6 /* erase.png */ = {isa = PBXFileReference; lastKnownFileType = image.png; name = erase.png; path = ../../icons/erase.png; sourceTree = "<group>"; };
		2914A7A31D6F23D60021E9E6 /* in.png */ = {isa = PBXFileReference; lastKnownFileType = image.png; name = in.png; path = ../../icons/in.png; sourceTree = "<group>"; };
		2914A7A41D6F23D60021E9E6 /* inclick.png */ = {isa = PBXFileReference; lastKnownFileType = image.png; name = inclick.png; path = ../../icons/inclick.png; sourceTree = "<group>"; };
		2914A7A51D6F23D60021E9E6 /* itunes_barFill.png */ = {isa = PBXFileReference; lastKnownFileType = image.png; name = itunes_barFill.png; path = ../../icons/itunes_barFill.png; sourceTree = "<group>"; };
		2914A7A61D6F23D60021E9E6 /* itunes_barFillBeforeknob.png */ = {isa = PBXFileReference; lastKnownFileType = image.png; name = itunes_barFillBeforeknob.png; path = ../../icons/itunes_barFillBeforeknob.png; sourceTree = "<group>"; };
		2914A7A71D6F23D60021E9E6 /* itunes_barLeftAge.png */ = {isa = PBXFileReference; lastKnownFileType = image.png; name = itunes_barLeftAge.png; path = ../../icons/itunes_barLeftAge.png; sourceTree = "<group>"; };
		2914A7A81D6F23D60021E9E6 /* itunes_barRightAge.png */ = {isa = PBXFileReference; lastKnownFileType = image.png; name = itunes_barRightAge.png; path = ../../icons/itunes_barRightAge.png; sourceTree = "<group>"; };
		2914A7A91D6F23D60021E9E6 /* itunes_knob.png */ = {isa = PBXFileReference; lastKnownFileType = image.png; name = itunes_knob.png; path = ../../icons/itunes_knob.png; sourceTree = "<group>"; };
		2914A7AA1D6F23D60021E9E6 /* leftcorner.png */ = {isa = PBXFileReference; lastKnownFileType = image.png; name = leftcorner.png; path = ../../icons/leftcorner.png; sourceTree = "<group>"; };
		2914A7AB1D6F23D60021E9E6 /* newbg.png */ = {isa = PBXFileReference; lastKnownFileType = image.png; name = newbg.png; path = ../../icons/newbg.png; sourceTree = "<group>"; };
		2914A7AC1D6F23D60021E9E6 /* open.png */ = {isa = PBXFileReference; lastKnownFileType = image.png; name = open.png; path = ../../icons/open.png; sourceTree = "<group>"; };
		2914A7AD1D6F23D60021E9E6 /* out.png */ = {isa = PBXFileReference; lastKnownFileType = image.png; name = out.png; path = ../../icons/out.png; sourceTree = "<group>"; };
		2914A7AE1D6F23D60021E9E6 /* outclick.png */ = {isa = PBXFileReference; lastKnownFileType = image.png; name = outclick.png; path = ../../icons/outclick.png; sourceTree = "<group>"; };
		2914A7AF1D6F23D60021E9E6 /* red.logoist */ = {isa = PBXFileReference; lastKnownFileType = file.bplist; name = red.logoist; path = ../../icons/red.logoist; sourceTree = "<group>"; };
		2914A7B01D6F23D60021E9E6 /* redo.png */ = {isa = PBXFileReference; lastKnownFileType = image.png; name = redo.png; path = ../../icons/redo.png; sourceTree = "<group>"; };
		2914A7B11D6F23D60021E9E6 /* rightbuttom.png */ = {isa = PBXFileReference; lastKnownFileType = image.png; name = rightbuttom.png; path = ../../icons/rightbuttom.png; sourceTree = "<group>"; };
		2914A7B21D6F23D60021E9E6 /* rightcorner.png */ = {isa = PBXFileReference; lastKnownFileType = image.png; name = rightcorner.png; path = ../../icons/rightcorner.png; sourceTree = "<group>"; };
		2914A7B31D6F23D60021E9E6 /* save.png */ = {isa = PBXFileReference; lastKnownFileType = image.png; name = save.png; path = ../../icons/save.png; sourceTree = "<group>"; };
		2914A7B41D6F23D60021E9E6 /* smallbg.png */ = {isa = PBXFileReference; lastKnownFileType = image.png; name = smallbg.png; path = ../../icons/smallbg.png; sourceTree = "<group>"; };
		2914A7B51D6F23D60021E9E6 /* start.png */ = {isa = PBXFileReference; lastKnownFileType = image.png; name = start.png; path = ../../icons/start.png; sourceTree = "<group>"; };
		2914A7B61D6F23D60021E9E6 /* undo.png */ = {isa = PBXFileReference; lastKnownFileType = image.png; name = undo.png; path = ../../icons/undo.png; sourceTree = "<group>"; };
		2914A7B71D6F23D60021E9E6 /* zoomin.png */ = {isa = PBXFileReference; lastKnownFileType = image.png; name = zoomin.png; path = ../../icons/zoomin.png; sourceTree = "<group>"; };
		2914A7B81D6F23D60021E9E6 /* zoominclick.png */ = {isa = PBXFileReference; lastKnownFileType = image.png; name = zoominclick.png; path = ../../icons/zoominclick.png; sourceTree = "<group>"; };
		2914A7B91D6F23D60021E9E6 /* zoomout.png */ = {isa = PBXFileReference; lastKnownFileType = image.png; name = zoomout.png; path = ../../icons/zoomout.png; sourceTree = "<group>"; };
		2914A8031D6F241E0021E9E6 /* mattviewController.h */ = {isa = PBXFileReference; fileEncoding = 4; lastKnownFileType = sourcecode.c.h; path = mattviewController.h; sourceTree = "<group>"; };
		2914A8041D6F241E0021E9E6 /* mattviewController.m */ = {isa = PBXFileReference; fileEncoding = 4; lastKnownFileType = sourcecode.c.objc; path = mattviewController.m; sourceTree = "<group>"; };
		2914A8051D6F241E0021E9E6 /* mattviewController.xib */ = {isa = PBXFileReference; fileEncoding = 4; lastKnownFileType = file.xib; path = mattviewController.xib; sourceTree = "<group>"; };
		2914A8081D6F2B3C0021E9E6 /* BrushPoint.h */ = {isa = PBXFileReference; fileEncoding = 4; lastKnownFileType = sourcecode.c.h; path = BrushPoint.h; sourceTree = "<group>"; };
		2914A8091D6F2B3C0021E9E6 /* BrushPoint.m */ = {isa = PBXFileReference; fileEncoding = 4; lastKnownFileType = sourcecode.c.objc; path = BrushPoint.m; sourceTree = "<group>"; };
		2914A81C1D71C6E60021E9E6 /* pencil.png */ = {isa = PBXFileReference; lastKnownFileType = image.png; name = pencil.png; path = ../../icons/pencil.png; sourceTree = "<group>"; };
		2914A81E1D71CC1F0021E9E6 /* stroke.png */ = {isa = PBXFileReference; lastKnownFileType = image.png; name = stroke.png; path = ../../icons/stroke.png; sourceTree = "<group>"; };
		2914A8201D71D0860021E9E6 /* strokeclick.png */ = {isa = PBXFileReference; lastKnownFileType = image.png; name = strokeclick.png; path = ../../icons/strokeclick.png; sourceTree = "<group>"; };
		DF043B7D1DEECF4E00E42460 /* CoreImage.framework */ = {isa = PBXFileReference; lastKnownFileType = wrapper.framework; name = CoreImage.framework; path = System/Library/Frameworks/CoreImage.framework; sourceTree = SDKROOT; };
		DF043B7F1DF062C000E42460 /* arrow.png */ = {isa = PBXFileReference; lastKnownFileType = image.png; name = arrow.png; path = ../../icons/arrow.png; sourceTree = "<group>"; };
		DF139FE61D7FE3460018C063 /* insert.png */ = {isa = PBXFileReference; lastKnownFileType = image.png; name = insert.png; path = ../../icons/insert.png; sourceTree = "<group>"; };
		DF27CE1D1CFEC5A7009DAA27 /* imagetrans.h */ = {isa = PBXFileReference; fileEncoding = 4; lastKnownFileType = sourcecode.c.h; path = imagetrans.h; sourceTree = "<group>"; };
		DF27CE1E1CFEC5A7009DAA27 /* imagetrans.m */ = {isa = PBXFileReference; fileEncoding = 4; lastKnownFileType = sourcecode.c.objc; path = imagetrans.m; sourceTree = "<group>"; };
		DF27CE201CFFE4E0009DAA27 /* opencvproxy.mm */ = {isa = PBXFileReference; fileEncoding = 4; lastKnownFileType = sourcecode.cpp.objcpp; path = opencvproxy.mm; sourceTree = "<group>"; };
		DF27CE211CFFE4E0009DAA27 /* opencvproxy.hpp */ = {isa = PBXFileReference; fileEncoding = 4; lastKnownFileType = sourcecode.cpp.h; path = opencvproxy.hpp; sourceTree = "<group>"; };
		DF27CE231CFFEE38009DAA27 /* AppKit.framework */ = {isa = PBXFileReference; lastKnownFileType = wrapper.framework; name = AppKit.framework; path = System/Library/Frameworks/AppKit.framework; sourceTree = SDKROOT; };
		DF3824711D6FDE95006101F1 /* brushview.m */ = {isa = PBXFileReference; fileEncoding = 4; lastKnownFileType = sourcecode.c.objc; name = brushview.m; path = ../matt/brushview.m; sourceTree = "<group>"; };
		DF3824721D6FDE95006101F1 /* progresswindow.xib */ = {isa = PBXFileReference; fileEncoding = 4; lastKnownFileType = file.xib; name = progresswindow.xib; path = ../matt/progresswindow.xib; sourceTree = "<group>"; };
		DF3824731D6FDE95006101F1 /* resizebound.m */ = {isa = PBXFileReference; fileEncoding = 4; lastKnownFileType = sourcecode.c.objc; name = resizebound.m; path = ../matt/resizebound.m; sourceTree = "<group>"; };
		DF3824741D6FDE95006101F1 /* util.h */ = {isa = PBXFileReference; fileEncoding = 4; lastKnownFileType = sourcecode.c.h; name = util.h; path = ../matt/util.h; sourceTree = "<group>"; };
		DF3824751D6FDE95006101F1 /* shellview.m */ = {isa = PBXFileReference; fileEncoding = 4; lastKnownFileType = sourcecode.c.objc; name = shellview.m; path = ../matt/shellview.m; sourceTree = "<group>"; };
		DF3824761D6FDE95006101F1 /* TCScroller.m */ = {isa = PBXFileReference; fileEncoding = 4; lastKnownFileType = sourcecode.c.objc; name = TCScroller.m; path = ../matt/TCScroller.m; sourceTree = "<group>"; };
		DF3824771D6FDE95006101F1 /* SynchroScrollView.m */ = {isa = PBXFileReference; fileEncoding = 4; lastKnownFileType = sourcecode.c.objc; name = SynchroScrollView.m; path = ../matt/SynchroScrollView.m; sourceTree = "<group>"; };
		DF3824781D6FDE95006101F1 /* SynchroScrollView.h */ = {isa = PBXFileReference; fileEncoding = 4; lastKnownFileType = sourcecode.c.h; name = SynchroScrollView.h; path = ../matt/SynchroScrollView.h; sourceTree = "<group>"; };
		DF3824791D6FDE95006101F1 /* TCScroller.h */ = {isa = PBXFileReference; fileEncoding = 4; lastKnownFileType = sourcecode.c.h; name = TCScroller.h; path = ../matt/TCScroller.h; sourceTree = "<group>"; };
		DF38247A1D6FDE95006101F1 /* RFOverlayScroller.m */ = {isa = PBXFileReference; fileEncoding = 4; lastKnownFileType = sourcecode.c.objc; name = RFOverlayScroller.m; path = ../matt/RFOverlayScroller.m; sourceTree = "<group>"; };
		DF38247B1D6FDE95006101F1 /* RFOverlayScroller.h */ = {isa = PBXFileReference; fileEncoding = 4; lastKnownFileType = sourcecode.c.h; name = RFOverlayScroller.h; path = ../matt/RFOverlayScroller.h; sourceTree = "<group>"; };
		DF38247C1D6FDE95006101F1 /* backgroundbound.m */ = {isa = PBXFileReference; fileEncoding = 4; lastKnownFileType = sourcecode.c.objc; name = backgroundbound.m; path = ../matt/backgroundbound.m; sourceTree = "<group>"; };
		DF38247D1D6FDE95006101F1 /* backgroundbound.h */ = {isa = PBXFileReference; fileEncoding = 4; lastKnownFileType = sourcecode.c.h; name = backgroundbound.h; path = ../matt/backgroundbound.h; sourceTree = "<group>"; };
		DF38247E1D6FDE95006101F1 /* resizebound.h */ = {isa = PBXFileReference; fileEncoding = 4; lastKnownFileType = sourcecode.c.h; name = resizebound.h; path = ../matt/resizebound.h; sourceTree = "<group>"; };
		DF38247F1D6FDE95006101F1 /* shellview.h */ = {isa = PBXFileReference; fileEncoding = 4; lastKnownFileType = sourcecode.c.h; name = shellview.h; path = ../matt/shellview.h; sourceTree = "<group>"; };
		DF3824801D6FDE95006101F1 /* brushview.h */ = {isa = PBXFileReference; fileEncoding = 4; lastKnownFileType = sourcecode.c.h; name = brushview.h; path = ../matt/brushview.h; sourceTree = "<group>"; };
		DF3824811D6FDE95006101F1 /* sharedmatting.mm */ = {isa = PBXFileReference; fileEncoding = 4; lastKnownFileType = sourcecode.cpp.objcpp; name = sharedmatting.mm; path = ../matt/sharedmatting.mm; sourceTree = "<group>"; };
		DF3824821D6FDE95006101F1 /* sharedmatting.h */ = {isa = PBXFileReference; fileEncoding = 4; lastKnownFileType = sourcecode.c.h; name = sharedmatting.h; path = ../matt/sharedmatting.h; sourceTree = "<group>"; };
		DF3824831D6FDE95006101F1 /* CTCSlider.h */ = {isa = PBXFileReference; fileEncoding = 4; lastKnownFileType = sourcecode.c.h; name = CTCSlider.h; path = ../matt/CTCSlider.h; sourceTree = "<group>"; };
		DF3824841D6FDE95006101F1 /* CTCSliderCell.m */ = {isa = PBXFileReference; fileEncoding = 4; lastKnownFileType = sourcecode.c.objc; name = CTCSliderCell.m; path = ../matt/CTCSliderCell.m; sourceTree = "<group>"; };
		DF3824851D6FDE95006101F1 /* CTCSlider.m */ = {isa = PBXFileReference; fileEncoding = 4; lastKnownFileType = sourcecode.c.objc; name = CTCSlider.m; path = ../matt/CTCSlider.m; sourceTree = "<group>"; };
		DF3824861D6FDE95006101F1 /* CTCSliderCell.h */ = {isa = PBXFileReference; fileEncoding = 4; lastKnownFileType = sourcecode.c.h; name = CTCSliderCell.h; path = ../matt/CTCSliderCell.h; sourceTree = "<group>"; };
		DF3824871D6FDE95006101F1 /* matt.h */ = {isa = PBXFileReference; fileEncoding = 4; lastKnownFileType = sourcecode.c.h; name = matt.h; path = ../matt/matt.h; sourceTree = "<group>"; };
		DF3824881D6FDE95006101F1 /* matt.mm */ = {isa = PBXFileReference; fileEncoding = 4; lastKnownFileType = sourcecode.cpp.objcpp; name = matt.mm; path = ../matt/matt.mm; sourceTree = "<group>"; };
		DF3824891D6FDE95006101F1 /* progresswindow.m */ = {isa = PBXFileReference; fileEncoding = 4; lastKnownFileType = sourcecode.c.objc; name = progresswindow.m; path = ../matt/progresswindow.m; sourceTree = "<group>"; };
		DF38248A1D6FDE95006101F1 /* progresswindow.h */ = {isa = PBXFileReference; fileEncoding = 4; lastKnownFileType = sourcecode.c.h; name = progresswindow.h; path = ../matt/progresswindow.h; sourceTree = "<group>"; };
		DF3824BA1D6FDF3C006101F1 /* libopencv_videostab.2.4.3.dylib */ = {isa = PBXFileReference; lastKnownFileType = "compiled.mach-o.dylib"; name = libopencv_videostab.2.4.3.dylib; path = ../lib_dylib/libopencv_videostab.2.4.3.dylib; sourceTree = "<group>"; };
		DF3824BB1D6FDF3C006101F1 /* libopencv_stitching.2.4.3.dylib */ = {isa = PBXFileReference; lastKnownFileType = "compiled.mach-o.dylib"; name = libopencv_stitching.2.4.3.dylib; path = ../lib_dylib/libopencv_stitching.2.4.3.dylib; sourceTree = "<group>"; };
		DF3824BC1D6FDF3C006101F1 /* libopencv_ts.2.4.3.dylib */ = {isa = PBXFileReference; lastKnownFileType = "compiled.mach-o.dylib"; name = libopencv_ts.2.4.3.dylib; path = ../lib_dylib/libopencv_ts.2.4.3.dylib; sourceTree = "<group>"; };
		DF3824BD1D6FDF3C006101F1 /* libopencv_video.2.4.3.dylib */ = {isa = PBXFileReference; lastKnownFileType = "compiled.mach-o.dylib"; name = libopencv_video.2.4.3.dylib; path = ../lib_dylib/libopencv_video.2.4.3.dylib; sourceTree = "<group>"; };
		DF3824BE1D6FDF3C006101F1 /* libopencv_photo.2.4.3.dylib */ = {isa = PBXFileReference; lastKnownFileType = "compiled.mach-o.dylib"; name = libopencv_photo.2.4.3.dylib; path = ../lib_dylib/libopencv_photo.2.4.3.dylib; sourceTree = "<group>"; };
		DF3824BF1D6FDF3C006101F1 /* libopencv_ml.2.4.3.dylib */ = {isa = PBXFileReference; lastKnownFileType = "compiled.mach-o.dylib"; name = libopencv_ml.2.4.3.dylib; path = ../lib_dylib/libopencv_ml.2.4.3.dylib; sourceTree = "<group>"; };
		DF3824C01D6FDF3C006101F1 /* libopencv_nonfree.2.4.3.dylib */ = {isa = PBXFileReference; lastKnownFileType = "compiled.mach-o.dylib"; name = libopencv_nonfree.2.4.3.dylib; path = ../lib_dylib/libopencv_nonfree.2.4.3.dylib; sourceTree = "<group>"; };
		DF3824C11D6FDF3C006101F1 /* libopencv_objdetect.2.4.3.dylib */ = {isa = PBXFileReference; lastKnownFileType = "compiled.mach-o.dylib"; name = libopencv_objdetect.2.4.3.dylib; path = ../lib_dylib/libopencv_objdetect.2.4.3.dylib; sourceTree = "<group>"; };
		DF3824C21D6FDF3C006101F1 /* libopencv_imgproc.2.4.3.dylib */ = {isa = PBXFileReference; lastKnownFileType = "compiled.mach-o.dylib"; name = libopencv_imgproc.2.4.3.dylib; path = ../lib_dylib/libopencv_imgproc.2.4.3.dylib; sourceTree = "<group>"; };
		DF3824C31D6FDF3C006101F1 /* libopencv_legacy.2.4.3.dylib */ = {isa = PBXFileReference; lastKnownFileType = "compiled.mach-o.dylib"; name = libopencv_legacy.2.4.3.dylib; path = ../lib_dylib/libopencv_legacy.2.4.3.dylib; sourceTree = "<group>"; };
		DF3824C41D6FDF3C006101F1 /* libopencv_gpu.2.4.3.dylib */ = {isa = PBXFileReference; lastKnownFileType = "compiled.mach-o.dylib"; name = libopencv_gpu.2.4.3.dylib; path = ../lib_dylib/libopencv_gpu.2.4.3.dylib; sourceTree = "<group>"; };
		DF3824C51D6FDF3C006101F1 /* libopencv_highgui.2.4.3.dylib */ = {isa = PBXFileReference; lastKnownFileType = "compiled.mach-o.dylib"; name = libopencv_highgui.2.4.3.dylib; path = ../lib_dylib/libopencv_highgui.2.4.3.dylib; sourceTree = "<group>"; };
		DF3824C61D6FDF3C006101F1 /* libopencv_core.2.4.3.dylib */ = {isa = PBXFileReference; lastKnownFileType = "compiled.mach-o.dylib"; name = libopencv_core.2.4.3.dylib; path = ../lib_dylib/libopencv_core.2.4.3.dylib; sourceTree = "<group>"; };
		DF3824C71D6FDF3C006101F1 /* libopencv_features2d.2.4.3.dylib */ = {isa = PBXFileReference; lastKnownFileType = "compiled.mach-o.dylib"; name = libopencv_features2d.2.4.3.dylib; path = ../lib_dylib/libopencv_features2d.2.4.3.dylib; sourceTree = "<group>"; };
		DF3824C81D6FDF3C006101F1 /* libopencv_flann.2.4.3.dylib */ = {isa = PBXFileReference; lastKnownFileType = "compiled.mach-o.dylib"; name = libopencv_flann.2.4.3.dylib; path = ../lib_dylib/libopencv_flann.2.4.3.dylib; sourceTree = "<group>"; };
		DF3824C91D6FDF3C006101F1 /* libopencv_calib3d.2.4.3.dylib */ = {isa = PBXFileReference; lastKnownFileType = "compiled.mach-o.dylib"; name = libopencv_calib3d.2.4.3.dylib; path = ../lib_dylib/libopencv_calib3d.2.4.3.dylib; sourceTree = "<group>"; };
		DF3824CA1D6FDF3C006101F1 /* libopencv_contrib.2.4.3.dylib */ = {isa = PBXFileReference; lastKnownFileType = "compiled.mach-o.dylib"; name = libopencv_contrib.2.4.3.dylib; path = ../lib_dylib/libopencv_contrib.2.4.3.dylib; sourceTree = "<group>"; };
		DF3824DC1D7037B4006101F1 /* mouseover.png */ = {isa = PBXFileReference; lastKnownFileType = image.png; name = mouseover.png; path = ../../icons/mouseover.png; sourceTree = "<group>"; };
		DF3824DE1D703A57006101F1 /* premattview.h */ = {isa = PBXFileReference; fileEncoding = 4; lastKnownFileType = sourcecode.c.h; path = premattview.h; sourceTree = "<group>"; };
		DF3824DF1D703A57006101F1 /* premattview.m */ = {isa = PBXFileReference; fileEncoding = 4; lastKnownFileType = sourcecode.c.objc; path = premattview.m; sourceTree = "<group>"; };
		DF3824E11D797908006101F1 /* mattbackgroundview.h */ = {isa = PBXFileReference; fileEncoding = 4; lastKnownFileType = sourcecode.c.h; path = mattbackgroundview.h; sourceTree = "<group>"; };
		DF3824E21D797908006101F1 /* mattbackgroundview.m */ = {isa = PBXFileReference; fileEncoding = 4; lastKnownFileType = sourcecode.c.objc; path = mattbackgroundview.m; sourceTree = "<group>"; };
		DF3824E61D79B718006101F1 /* mattwindowcontroller.h */ = {isa = PBXFileReference; fileEncoding = 4; lastKnownFileType = sourcecode.c.h; path = mattwindowcontroller.h; sourceTree = "<group>"; };
		DF3824E71D79B718006101F1 /* mattwindowcontroller.m */ = {isa = PBXFileReference; fileEncoding = 4; lastKnownFileType = sourcecode.c.objc; path = mattwindowcontroller.m; sourceTree = "<group>"; };
		DF3824E81D79B718006101F1 /* mattwindowcontroller.xib */ = {isa = PBXFileReference; fileEncoding = 4; lastKnownFileType = file.xib; path = mattwindowcontroller.xib; sourceTree = "<group>"; };
		DF3CFF8F1CF6908B008B325B /* testDrawSketch.app */ = {isa = PBXFileReference; explicitFileType = wrapper.application; includeInIndex = 0; path = testDrawSketch.app; sourceTree = BUILT_PRODUCTS_DIR; };
		DF3CFF921CF6908B008B325B /* AppDelegate.h */ = {isa = PBXFileReference; lastKnownFileType = sourcecode.c.h; path = AppDelegate.h; sourceTree = "<group>"; };
		DF3CFF931CF6908B008B325B /* AppDelegate.m */ = {isa = PBXFileReference; lastKnownFileType = sourcecode.c.objc; path = AppDelegate.m; sourceTree = "<group>"; };
		DF3CFF961CF6908B008B325B /* main.m */ = {isa = PBXFileReference; lastKnownFileType = sourcecode.c.objc; path = main.m; sourceTree = "<group>"; };
		DF3CFF981CF6908B008B325B /* Assets.xcassets */ = {isa = PBXFileReference; lastKnownFileType = folder.assetcatalog; path = Assets.xcassets; sourceTree = "<group>"; };
		DF3CFF9B1CF6908B008B325B /* Base */ = {isa = PBXFileReference; lastKnownFileType = file.xib; name = Base; path = Base.lproj/MainMenu.xib; sourceTree = "<group>"; };
		DF3CFF9D1CF6908B008B325B /* Info.plist */ = {isa = PBXFileReference; lastKnownFileType = text.plist.xml; path = Info.plist; sourceTree = "<group>"; };
		DF3CFFA21CF6908B008B325B /* testDrawSketchTests.xctest */ = {isa = PBXFileReference; explicitFileType = wrapper.cfbundle; includeInIndex = 0; path = testDrawSketchTests.xctest; sourceTree = BUILT_PRODUCTS_DIR; };
		DF3CFFA61CF6908B008B325B /* testDrawSketchTests.m */ = {isa = PBXFileReference; lastKnownFileType = sourcecode.c.objc; path = testDrawSketchTests.m; sourceTree = "<group>"; };
		DF3CFFA81CF6908B008B325B /* Info.plist */ = {isa = PBXFileReference; lastKnownFileType = text.plist.xml; path = Info.plist; sourceTree = "<group>"; };
		DF3CFFAD1CF6908B008B325B /* testDrawSketchUITests.xctest */ = {isa = PBXFileReference; explicitFileType = wrapper.cfbundle; includeInIndex = 0; path = testDrawSketchUITests.xctest; sourceTree = BUILT_PRODUCTS_DIR; };
		DF3CFFB11CF6908B008B325B /* testDrawSketchUITests.m */ = {isa = PBXFileReference; lastKnownFileType = sourcecode.c.objc; path = testDrawSketchUITests.m; sourceTree = "<group>"; };
		DF3CFFB31CF6908B008B325B /* Info.plist */ = {isa = PBXFileReference; lastKnownFileType = text.plist.xml; path = Info.plist; sourceTree = "<group>"; };
		DF3CFFBF1CF693AE008B325B /* drawSketch.h */ = {isa = PBXFileReference; fileEncoding = 4; lastKnownFileType = sourcecode.c.h; path = drawSketch.h; sourceTree = "<group>"; };
		DF3CFFC01CF693AE008B325B /* drawSketch.m */ = {isa = PBXFileReference; fileEncoding = 4; lastKnownFileType = sourcecode.c.objc; path = drawSketch.m; sourceTree = "<group>"; };
		DF415F4C1DBB4B4000079302 /* pink.png */ = {isa = PBXFileReference; lastKnownFileType = image.png; name = pink.png; path = ../../icons/pink.png; sourceTree = "<group>"; };
		DF57CC161D0FA5F6005AD426 /* query2image.h */ = {isa = PBXFileReference; fileEncoding = 4; lastKnownFileType = sourcecode.c.h; path = query2image.h; sourceTree = "<group>"; };
		DF57CC171D0FA5F6005AD426 /* query2image.m */ = {isa = PBXFileReference; fileEncoding = 4; lastKnownFileType = sourcecode.c.objc; path = query2image.m; sourceTree = "<group>"; };
		DF57CC191D0FADA0005AD426 /* imageitem.h */ = {isa = PBXFileReference; fileEncoding = 4; lastKnownFileType = sourcecode.c.h; path = imageitem.h; sourceTree = "<group>"; };
		DF57CC1A1D0FADA0005AD426 /* imageitem.m */ = {isa = PBXFileReference; fileEncoding = 4; lastKnownFileType = sourcecode.c.objc; path = imageitem.m; sourceTree = "<group>"; };
		DF57CC1C1D1248AA005AD426 /* Quartz.framework */ = {isa = PBXFileReference; lastKnownFileType = wrapper.framework; name = Quartz.framework; path = System/Library/Frameworks/Quartz.framework; sourceTree = SDKROOT; };
		DF57CC1D1D1248AA005AD426 /* QuartzCore.framework */ = {isa = PBXFileReference; lastKnownFileType = wrapper.framework; name = QuartzCore.framework; path = System/Library/Frameworks/QuartzCore.framework; sourceTree = SDKROOT; };
		DF57CC201D128B0E005AD426 /* scrollimagedelegate.h */ = {isa = PBXFileReference; fileEncoding = 4; lastKnownFileType = sourcecode.c.h; path = scrollimagedelegate.h; sourceTree = "<group>"; };
		DF57CC211D128B0E005AD426 /* scrollimagedelegate.m */ = {isa = PBXFileReference; fileEncoding = 4; lastKnownFileType = sourcecode.c.objc; path = scrollimagedelegate.m; sourceTree = "<group>"; };
		DF57CC231D17B405005AD426 /* thumbnailView.h */ = {isa = PBXFileReference; fileEncoding = 4; lastKnownFileType = sourcecode.c.h; path = thumbnailView.h; sourceTree = "<group>"; };
		DF57CC241D17B405005AD426 /* thumbnailView.m */ = {isa = PBXFileReference; fileEncoding = 4; lastKnownFileType = sourcecode.c.objc; path = thumbnailView.m; sourceTree = "<group>"; };
		DF57CC261D17CD42005AD426 /* thumbnailViewCollection.h */ = {isa = PBXFileReference; fileEncoding = 4; lastKnownFileType = sourcecode.c.h; path = thumbnailViewCollection.h; sourceTree = "<group>"; };
		DF57CC271D17CD42005AD426 /* thumbnailViewCollection.m */ = {isa = PBXFileReference; fileEncoding = 4; lastKnownFileType = sourcecode.c.objc; path = thumbnailViewCollection.m; sourceTree = "<group>"; };
		DF5B40AA1D193739008F8F26 /* drawSketchCollection.h */ = {isa = PBXFileReference; fileEncoding = 4; lastKnownFileType = sourcecode.c.h; path = drawSketchCollection.h; sourceTree = "<group>"; };
		DF5B40AB1D193739008F8F26 /* drawSketchCollection.m */ = {isa = PBXFileReference; fileEncoding = 4; lastKnownFileType = sourcecode.c.objc; path = drawSketchCollection.m; sourceTree = "<group>"; };
		DF6836091DC895EB003AC041 /* editimageresultview.h */ = {isa = PBXFileReference; fileEncoding = 4; lastKnownFileType = sourcecode.c.h; path = editimageresultview.h; sourceTree = "<group>"; };
		DF68360A1DC895EB003AC041 /* editimageresultview.m */ = {isa = PBXFileReference; fileEncoding = 4; lastKnownFileType = sourcecode.c.objc; path = editimageresultview.m; sourceTree = "<group>"; };
		DF6AA2651D927C310000184C /* resultdetailViewController.h */ = {isa = PBXFileReference; fileEncoding = 4; lastKnownFileType = sourcecode.c.h; name = resultdetailViewController.h; path = testDrawSketch/resultdetailViewController.h; sourceTree = "<group>"; };
		DF6AA2661D927C310000184C /* resultdetailViewController.m */ = {isa = PBXFileReference; fileEncoding = 4; lastKnownFileType = sourcecode.c.objc; name = resultdetailViewController.m; path = testDrawSketch/resultdetailViewController.m; sourceTree = "<group>"; };
		DF6AA2671D927C310000184C /* resultdetailViewController.xib */ = {isa = PBXFileReference; fileEncoding = 4; lastKnownFileType = file.xib; name = resultdetailViewController.xib; path = testDrawSketch/resultdetailViewController.xib; sourceTree = "<group>"; };
		DF96738F1DC07D2B0075DC29 /* drawingBoard.h */ = {isa = PBXFileReference; fileEncoding = 4; lastKnownFileType = sourcecode.c.h; path = drawingBoard.h; sourceTree = "<group>"; };
		DF9673901DC07D2B0075DC29 /* drawingBoard.m */ = {isa = PBXFileReference; fileEncoding = 4; lastKnownFileType = sourcecode.c.objc; path = drawingBoard.m; sourceTree = "<group>"; };
		DF9673921DC07E640075DC29 /* boardshell.h */ = {isa = PBXFileReference; fileEncoding = 4; lastKnownFileType = sourcecode.c.h; path = boardshell.h; sourceTree = "<group>"; };
		DF9673931DC07E640075DC29 /* boardshell.m */ = {isa = PBXFileReference; fileEncoding = 4; lastKnownFileType = sourcecode.c.objc; path = boardshell.m; sourceTree = "<group>"; };
		DF98F90F1E1246B200893D08 /* backgroundview.h */ = {isa = PBXFileReference; fileEncoding = 4; lastKnownFileType = sourcecode.c.h; path = backgroundview.h; sourceTree = "<group>"; };
		DF98F9101E1246B200893D08 /* backgroundview.m */ = {isa = PBXFileReference; fileEncoding = 4; lastKnownFileType = sourcecode.c.objc; path = backgroundview.m; sourceTree = "<group>"; };
		DF98F9121E12470900893D08 /* backgroundedit.h */ = {isa = PBXFileReference; fileEncoding = 4; lastKnownFileType = sourcecode.c.h; path = backgroundedit.h; sourceTree = "<group>"; };
		DF98F9131E12470900893D08 /* backgroundedit.m */ = {isa = PBXFileReference; fileEncoding = 4; lastKnownFileType = sourcecode.c.objc; path = backgroundedit.m; sourceTree = "<group>"; };
		DF98F9151E1249D100893D08 /* util.h */ = {isa = PBXFileReference; lastKnownFileType = sourcecode.c.h; path = util.h; sourceTree = "<group>"; };
		DFC58C221D0EA40000E06DFD /* downfile.h */ = {isa = PBXFileReference; fileEncoding = 4; lastKnownFileType = sourcecode.c.h; path = downfile.h; sourceTree = "<group>"; };
		DFC58C231D0EA40000E06DFD /* downfile.m */ = {isa = PBXFileReference; fileEncoding = 4; lastKnownFileType = sourcecode.c.objc; path = downfile.m; sourceTree = "<group>"; };
		DFCB82F51DBF1F2300ECC965 /* serverOptions.h */ = {isa = PBXFileReference; fileEncoding = 4; lastKnownFileType = sourcecode.c.h; path = serverOptions.h; sourceTree = "<group>"; };
		DFCB82F61DBF1F2300ECC965 /* serverOptions.m */ = {isa = PBXFileReference; fileEncoding = 4; lastKnownFileType = sourcecode.c.objc; path = serverOptions.m; sourceTree = "<group>"; };
		DFCB82F91DBF2C1500ECC965 /* serveroptions.plist */ = {isa = PBXFileReference; fileEncoding = 4; lastKnownFileType = text.plist.xml; path = serveroptions.plist; sourceTree = "<group>"; };
		DFCB82FB1DBF2F7D00ECC965 /* sogouimage.ico */ = {isa = PBXFileReference; lastKnownFileType = image.ico; name = sogouimage.ico; path = ../../icons/sogouimage.ico; sourceTree = "<group>"; };
		DFCB82FC1DBF2F7D00ECC965 /* bingimage.ico */ = {isa = PBXFileReference; lastKnownFileType = image.ico; name = bingimage.ico; path = ../../icons/bingimage.ico; sourceTree = "<group>"; };
		DFCB82FD1DBF2F7D00ECC965 /* baiduimage.ico */ = {isa = PBXFileReference; lastKnownFileType = image.ico; name = baiduimage.ico; path = ../../icons/baiduimage.ico; sourceTree = "<group>"; };
		DFDE8E0C1D3379CC00A13724 /* block.h */ = {isa = PBXFileReference; fileEncoding = 4; lastKnownFileType = sourcecode.c.h; name = block.h; path = ../cm/block.h; sourceTree = "<group>"; };
		DFDE8E0D1D3379CC00A13724 /* CmCv.hpp */ = {isa = PBXFileReference; fileEncoding = 4; lastKnownFileType = sourcecode.cpp.h; name = CmCv.hpp; path = ../cm/CmCv.hpp; sourceTree = "<group>"; };
		DFDE8E0E1D3379CC00A13724 /* CmCv.mm */ = {isa = PBXFileReference; fileEncoding = 4; lastKnownFileType = sourcecode.cpp.objcpp; name = CmCv.mm; path = ../cm/CmCv.mm; sourceTree = "<group>"; };
		DFDE8E0F1D3379CC00A13724 /* cmdefine.h */ = {isa = PBXFileReference; fileEncoding = 4; lastKnownFileType = sourcecode.c.h; name = cmdefine.h; path = ../cm/cmdefine.h; sourceTree = "<group>"; };
		DFDE8E101D3379CC00A13724 /* cmdefine.mm */ = {isa = PBXFileReference; fileEncoding = 4; lastKnownFileType = sourcecode.cpp.objcpp; name = cmdefine.mm; path = ../cm/cmdefine.mm; sourceTree = "<group>"; };
		DFDE8E111D3379CC00A13724 /* CmEvaluation.hpp */ = {isa = PBXFileReference; fileEncoding = 4; lastKnownFileType = sourcecode.cpp.h; name = CmEvaluation.hpp; path = ../cm/CmEvaluation.hpp; sourceTree = "<group>"; };
		DFDE8E121D3379CC00A13724 /* CmEvaluation.mm */ = {isa = PBXFileReference; fileEncoding = 4; lastKnownFileType = sourcecode.cpp.objcpp; name = CmEvaluation.mm; path = ../cm/CmEvaluation.mm; sourceTree = "<group>"; };
		DFDE8E131D3379CC00A13724 /* CmGMM.hpp */ = {isa = PBXFileReference; fileEncoding = 4; lastKnownFileType = sourcecode.cpp.h; name = CmGMM.hpp; path = ../cm/CmGMM.hpp; sourceTree = "<group>"; };
		DFDE8E141D3379CC00A13724 /* CmGMM.mm */ = {isa = PBXFileReference; fileEncoding = 4; lastKnownFileType = sourcecode.cpp.objcpp; name = CmGMM.mm; path = ../cm/CmGMM.mm; sourceTree = "<group>"; };
		DFDE8E151D3379CC00A13724 /* CmSalCut.hpp */ = {isa = PBXFileReference; fileEncoding = 4; lastKnownFileType = sourcecode.cpp.h; name = CmSalCut.hpp; path = ../cm/CmSalCut.hpp; sourceTree = "<group>"; };
		DFDE8E161D3379CC00A13724 /* CmSalCut.mm */ = {isa = PBXFileReference; fileEncoding = 4; lastKnownFileType = sourcecode.cpp.objcpp; name = CmSalCut.mm; path = ../cm/CmSalCut.mm; sourceTree = "<group>"; };
		DFDE8E171D3379CC00A13724 /* CmSaliencyRC.hpp */ = {isa = PBXFileReference; fileEncoding = 4; lastKnownFileType = sourcecode.cpp.h; name = CmSaliencyRC.hpp; path = ../cm/CmSaliencyRC.hpp; sourceTree = "<group>"; };
		DFDE8E181D3379CC00A13724 /* CmSaliencyRC.mm */ = {isa = PBXFileReference; fileEncoding = 4; lastKnownFileType = sourcecode.cpp.objcpp; name = CmSaliencyRC.mm; path = ../cm/CmSaliencyRC.mm; sourceTree = "<group>"; };
		DFDE8E191D3379CC00A13724 /* disjoint-set.h */ = {isa = PBXFileReference; fileEncoding = 4; lastKnownFileType = sourcecode.c.h; name = "disjoint-set.h"; path = "../cm/disjoint-set.h"; sourceTree = "<group>"; };
		DFDE8E1A1D3379CC00A13724 /* graph.h */ = {isa = PBXFileReference; fileEncoding = 4; lastKnownFileType = sourcecode.c.h; name = graph.h; path = ../cm/graph.h; sourceTree = "<group>"; };
		DFDE8E1B1D3379CC00A13724 /* segment-graph.h */ = {isa = PBXFileReference; fileEncoding = 4; lastKnownFileType = sourcecode.c.h; name = "segment-graph.h"; path = "../cm/segment-graph.h"; sourceTree = "<group>"; };
		DFDE8E1C1D3379CC00A13724 /* segment-image.cpp */ = {isa = PBXFileReference; fileEncoding = 4; lastKnownFileType = sourcecode.cpp.cpp; name = "segment-image.cpp"; path = "../cm/segment-image.cpp"; sourceTree = "<group>"; };
		DFDE8E1D1D3379CC00A13724 /* segment-image.h */ = {isa = PBXFileReference; fileEncoding = 4; lastKnownFileType = sourcecode.c.h; name = "segment-image.h"; path = "../cm/segment-image.h"; sourceTree = "<group>"; };
		DFDE8E251D337A0300A13724 /* blue.png */ = {isa = PBXFileReference; lastKnownFileType = image.png; name = blue.png; path = ../../icons/blue.png; sourceTree = "<group>"; };
		DFDE8E261D337A0300A13724 /* green.png */ = {isa = PBXFileReference; lastKnownFileType = image.png; name = green.png; path = ../../icons/green.png; sourceTree = "<group>"; };
		DFDE8E271D337A0300A13724 /* purple.png */ = {isa = PBXFileReference; lastKnownFileType = image.png; name = purple.png; path = ../../icons/purple.png; sourceTree = "<group>"; };
		DFDE8E281D337A0300A13724 /* red.png */ = {isa = PBXFileReference; lastKnownFileType = image.png; name = red.png; path = ../../icons/red.png; sourceTree = "<group>"; };
		DFDE8E291D337A0300A13724 /* tick.png */ = {isa = PBXFileReference; lastKnownFileType = image.png; name = tick.png; path = ../../icons/tick.png; sourceTree = "<group>"; };
		DFDE8E2A1D337A0300A13724 /* yellow.png */ = {isa = PBXFileReference; lastKnownFileType = image.png; name = yellow.png; path = ../../icons/yellow.png; sourceTree = "<group>"; };
		DFEA8EB71D23B7CD00A2D87A /* scrollCell.h */ = {isa = PBXFileReference; fileEncoding = 4; lastKnownFileType = sourcecode.c.h; path = scrollCell.h; sourceTree = "<group>"; };
		DFEA8EB81D23B7CD00A2D87A /* scrollCell.m */ = {isa = PBXFileReference; fileEncoding = 4; lastKnownFileType = sourcecode.c.objc; path = scrollCell.m; sourceTree = "<group>"; };
		DFEA8EC31D23BA2900A2D87A /* scrollBrowserView.h */ = {isa = PBXFileReference; fileEncoding = 4; lastKnownFileType = sourcecode.c.h; path = scrollBrowserView.h; sourceTree = "<group>"; };
		DFEA8EC41D23BA2900A2D87A /* scrollBrowserView.m */ = {isa = PBXFileReference; fileEncoding = 4; lastKnownFileType = sourcecode.c.objc; path = scrollBrowserView.m; sourceTree = "<group>"; };
		DFEA8ED01D2CFCD800A2D87A /* resultimageview.h */ = {isa = PBXFileReference; fileEncoding = 4; lastKnownFileType = sourcecode.c.h; path = resultimageview.h; sourceTree = "<group>"; };
		DFEA8ED11D2CFCD800A2D87A /* resultimageview.m */ = {isa = PBXFileReference; fileEncoding = 4; lastKnownFileType = sourcecode.c.objc; path = resultimageview.m; sourceTree = "<group>"; };
/* End PBXFileReference section */

/* Begin PBXFrameworksBuildPhase section */
		DF3CFF8C1CF6908B008B325B /* Frameworks */ = {
			isa = PBXFrameworksBuildPhase;
			buildActionMask = 2147483647;
			files = (
				DF043B7E1DEECF4E00E42460 /* CoreImage.framework in Frameworks */,
				DF3824CB1D6FDF3C006101F1 /* libopencv_videostab.2.4.3.dylib in Frameworks */,
				DF3824CC1D6FDF3C006101F1 /* libopencv_stitching.2.4.3.dylib in Frameworks */,
				DF3824CD1D6FDF3C006101F1 /* libopencv_ts.2.4.3.dylib in Frameworks */,
				DF3824CE1D6FDF3C006101F1 /* libopencv_video.2.4.3.dylib in Frameworks */,
				DF3824CF1D6FDF3C006101F1 /* libopencv_photo.2.4.3.dylib in Frameworks */,
				DF3824D01D6FDF3C006101F1 /* libopencv_ml.2.4.3.dylib in Frameworks */,
				DF3824D11D6FDF3C006101F1 /* libopencv_nonfree.2.4.3.dylib in Frameworks */,
				DF3824D21D6FDF3C006101F1 /* libopencv_objdetect.2.4.3.dylib in Frameworks */,
				DF3824D31D6FDF3C006101F1 /* libopencv_imgproc.2.4.3.dylib in Frameworks */,
				DF3824D41D6FDF3C006101F1 /* libopencv_legacy.2.4.3.dylib in Frameworks */,
				DF3824D51D6FDF3C006101F1 /* libopencv_gpu.2.4.3.dylib in Frameworks */,
				DF3824D61D6FDF3C006101F1 /* libopencv_highgui.2.4.3.dylib in Frameworks */,
				DF3824D71D6FDF3C006101F1 /* libopencv_core.2.4.3.dylib in Frameworks */,
				DF3824D81D6FDF3C006101F1 /* libopencv_features2d.2.4.3.dylib in Frameworks */,
				DF3824D91D6FDF3C006101F1 /* libopencv_flann.2.4.3.dylib in Frameworks */,
				DF3824DA1D6FDF3C006101F1 /* libopencv_calib3d.2.4.3.dylib in Frameworks */,
				DF3824DB1D6FDF3C006101F1 /* libopencv_contrib.2.4.3.dylib in Frameworks */,
				DF57CC1E1D1248AA005AD426 /* Quartz.framework in Frameworks */,
				DF57CC1F1D1248AA005AD426 /* QuartzCore.framework in Frameworks */,
				DF27CE241CFFEE38009DAA27 /* AppKit.framework in Frameworks */,
			);
			runOnlyForDeploymentPostprocessing = 0;
		};
		DF3CFF9F1CF6908B008B325B /* Frameworks */ = {
			isa = PBXFrameworksBuildPhase;
			buildActionMask = 2147483647;
			files = (
			);
			runOnlyForDeploymentPostprocessing = 0;
		};
		DF3CFFAA1CF6908B008B325B /* Frameworks */ = {
			isa = PBXFrameworksBuildPhase;
			buildActionMask = 2147483647;
			files = (
			);
			runOnlyForDeploymentPostprocessing = 0;
		};
/* End PBXFrameworksBuildPhase section */

/* Begin PBXGroup section */
		2914A7D61D6F23F40021E9E6 /* matt */ = {
			isa = PBXGroup;
			children = (
				DF3824711D6FDE95006101F1 /* brushview.m */,
				DF3824721D6FDE95006101F1 /* progresswindow.xib */,
				DF3824731D6FDE95006101F1 /* resizebound.m */,
				DF3824741D6FDE95006101F1 /* util.h */,
				DF3824751D6FDE95006101F1 /* shellview.m */,
				DF3824761D6FDE95006101F1 /* TCScroller.m */,
				DF3824771D6FDE95006101F1 /* SynchroScrollView.m */,
				DF3824781D6FDE95006101F1 /* SynchroScrollView.h */,
				DF3824791D6FDE95006101F1 /* TCScroller.h */,
				DF38247A1D6FDE95006101F1 /* RFOverlayScroller.m */,
				DF38247B1D6FDE95006101F1 /* RFOverlayScroller.h */,
				DF38247C1D6FDE95006101F1 /* backgroundbound.m */,
				DF38247D1D6FDE95006101F1 /* backgroundbound.h */,
				DF38247E1D6FDE95006101F1 /* resizebound.h */,
				DF38247F1D6FDE95006101F1 /* shellview.h */,
				DF3824801D6FDE95006101F1 /* brushview.h */,
				DF3824811D6FDE95006101F1 /* sharedmatting.mm */,
				DF3824821D6FDE95006101F1 /* sharedmatting.h */,
				DF3824831D6FDE95006101F1 /* CTCSlider.h */,
				DF3824841D6FDE95006101F1 /* CTCSliderCell.m */,
				DF3824851D6FDE95006101F1 /* CTCSlider.m */,
				DF3824861D6FDE95006101F1 /* CTCSliderCell.h */,
				DF3824871D6FDE95006101F1 /* matt.h */,
				DF3824881D6FDE95006101F1 /* matt.mm */,
				DF3824891D6FDE95006101F1 /* progresswindow.m */,
				DF38248A1D6FDE95006101F1 /* progresswindow.h */,
				2914A8031D6F241E0021E9E6 /* mattviewController.h */,
				DF6AA2651D927C310000184C /* resultdetailViewController.h */,
				DF6AA2661D927C310000184C /* resultdetailViewController.m */,
				DF6AA2671D927C310000184C /* resultdetailViewController.xib */,
				2914A8041D6F241E0021E9E6 /* mattviewController.m */,
				2914A8051D6F241E0021E9E6 /* mattviewController.xib */,
				DF3824E11D797908006101F1 /* mattbackgroundview.h */,
				DF3824E21D797908006101F1 /* mattbackgroundview.m */,
			);
			name = matt;
			sourceTree = "<group>";
		};
		DF043B7C1DEECF4E00E42460 /* Frameworks */ = {
			isa = PBXGroup;
			children = (
				DF043B7D1DEECF4E00E42460 /* CoreImage.framework */,
			);
			name = Frameworks;
			sourceTree = "<group>";
		};
		DF27CE471CFFFFBF009DAA27 /* cm */ = {
			isa = PBXGroup;
			children = (
				DFDE8E0C1D3379CC00A13724 /* block.h */,
				DFDE8E0D1D3379CC00A13724 /* CmCv.hpp */,
				DFDE8E0E1D3379CC00A13724 /* CmCv.mm */,
				DFDE8E0F1D3379CC00A13724 /* cmdefine.h */,
				DFDE8E101D3379CC00A13724 /* cmdefine.mm */,
				DFDE8E111D3379CC00A13724 /* CmEvaluation.hpp */,
				DFDE8E121D3379CC00A13724 /* CmEvaluation.mm */,
				DFDE8E131D3379CC00A13724 /* CmGMM.hpp */,
				DFDE8E141D3379CC00A13724 /* CmGMM.mm */,
				DFDE8E151D3379CC00A13724 /* CmSalCut.hpp */,
				DFDE8E161D3379CC00A13724 /* CmSalCut.mm */,
				DFDE8E171D3379CC00A13724 /* CmSaliencyRC.hpp */,
				DFDE8E181D3379CC00A13724 /* CmSaliencyRC.mm */,
				DFDE8E191D3379CC00A13724 /* disjoint-set.h */,
				DFDE8E1A1D3379CC00A13724 /* graph.h */,
				DFDE8E1B1D3379CC00A13724 /* segment-graph.h */,
				DFDE8E1C1D3379CC00A13724 /* segment-image.cpp */,
				DFDE8E1D1D3379CC00A13724 /* segment-image.h */,
			);
			name = cm;
			sourceTree = "<group>";
		};
		DF3CFF861CF6908B008B325B = {
			isa = PBXGroup;
			children = (
				DFCB82F81DBF2BD000ECC965 /* optionplist */,
				DF3824BA1D6FDF3C006101F1 /* libopencv_videostab.2.4.3.dylib */,
				DF3824BB1D6FDF3C006101F1 /* libopencv_stitching.2.4.3.dylib */,
				DF3824BC1D6FDF3C006101F1 /* libopencv_ts.2.4.3.dylib */,
				DF3824BD1D6FDF3C006101F1 /* libopencv_video.2.4.3.dylib */,
				DF3824BE1D6FDF3C006101F1 /* libopencv_photo.2.4.3.dylib */,
				DF3824BF1D6FDF3C006101F1 /* libopencv_ml.2.4.3.dylib */,
				DF3824C01D6FDF3C006101F1 /* libopencv_nonfree.2.4.3.dylib */,
				DF3824C11D6FDF3C006101F1 /* libopencv_objdetect.2.4.3.dylib */,
				DF3824C21D6FDF3C006101F1 /* libopencv_imgproc.2.4.3.dylib */,
				DF3824C31D6FDF3C006101F1 /* libopencv_legacy.2.4.3.dylib */,
				DF3824C41D6FDF3C006101F1 /* libopencv_gpu.2.4.3.dylib */,
				DF3824C51D6FDF3C006101F1 /* libopencv_highgui.2.4.3.dylib */,
				DF3824C61D6FDF3C006101F1 /* libopencv_core.2.4.3.dylib */,
				DF3824C71D6FDF3C006101F1 /* libopencv_features2d.2.4.3.dylib */,
				DF3824C81D6FDF3C006101F1 /* libopencv_flann.2.4.3.dylib */,
				DF3824C91D6FDF3C006101F1 /* libopencv_calib3d.2.4.3.dylib */,
				DF3824CA1D6FDF3C006101F1 /* libopencv_contrib.2.4.3.dylib */,
				2914A7D61D6F23F40021E9E6 /* matt */,
				DFEA8EBA1D23B8D500A2D87A /* icons */,
				DF57CC1C1D1248AA005AD426 /* Quartz.framework */,
				DF57CC1D1D1248AA005AD426 /* QuartzCore.framework */,
				DF27CE471CFFFFBF009DAA27 /* cm */,
				DF27CE231CFFEE38009DAA27 /* AppKit.framework */,
				DF3CFF911CF6908B008B325B /* testDrawSketch */,
				DF3CFFA51CF6908B008B325B /* testDrawSketchTests */,
				DF3CFFB01CF6908B008B325B /* testDrawSketchUITests */,
				DF3CFF901CF6908B008B325B /* Products */,
				DF043B7C1DEECF4E00E42460 /* Frameworks */,
			);
			sourceTree = "<group>";
		};
		DF3CFF901CF6908B008B325B /* Products */ = {
			isa = PBXGroup;
			children = (
				DF3CFF8F1CF6908B008B325B /* testDrawSketch.app */,
				DF3CFFA21CF6908B008B325B /* testDrawSketchTests.xctest */,
				DF3CFFAD1CF6908B008B325B /* testDrawSketchUITests.xctest */,
			);
			name = Products;
			sourceTree = "<group>";
		};
		DF3CFF911CF6908B008B325B /* testDrawSketch */ = {
			isa = PBXGroup;
			children = (
				DF3CFF921CF6908B008B325B /* AppDelegate.h */,
				DF3CFF931CF6908B008B325B /* AppDelegate.m */,
				DF5B40AA1D193739008F8F26 /* drawSketchCollection.h */,
				DF5B40AB1D193739008F8F26 /* drawSketchCollection.m */,
				DF3CFF981CF6908B008B325B /* Assets.xcassets */,
				DF3CFF9A1CF6908B008B325B /* MainMenu.xib */,
				DF3824DE1D703A57006101F1 /* premattview.h */,
				DF3824DF1D703A57006101F1 /* premattview.m */,
				DF3CFF9D1CF6908B008B325B /* Info.plist */,
				DF3CFF951CF6908B008B325B /* Supporting Files */,
				DF3CFFBF1CF693AE008B325B /* drawSketch.h */,
				DF3CFFC01CF693AE008B325B /* drawSketch.m */,
				DF57CC231D17B405005AD426 /* thumbnailView.h */,
				DF57CC241D17B405005AD426 /* thumbnailView.m */,
				DF27CE1D1CFEC5A7009DAA27 /* imagetrans.h */,
				DF27CE1E1CFEC5A7009DAA27 /* imagetrans.m */,
				DF27CE201CFFE4E0009DAA27 /* opencvproxy.mm */,
				DF27CE211CFFE4E0009DAA27 /* opencvproxy.hpp */,
				DFC58C221D0EA40000E06DFD /* downfile.h */,
				DFC58C231D0EA40000E06DFD /* downfile.m */,
				DF57CC161D0FA5F6005AD426 /* query2image.h */,
				DF57CC171D0FA5F6005AD426 /* query2image.m */,
				DF57CC201D128B0E005AD426 /* scrollimagedelegate.h */,
				DF57CC211D128B0E005AD426 /* scrollimagedelegate.m */,
				DF57CC191D0FADA0005AD426 /* imageitem.h */,
				DF57CC1A1D0FADA0005AD426 /* imageitem.m */,
				DF57CC261D17CD42005AD426 /* thumbnailViewCollection.h */,
				DF57CC271D17CD42005AD426 /* thumbnailViewCollection.m */,
				DFEA8EB71D23B7CD00A2D87A /* scrollCell.h */,
				DFEA8EB81D23B7CD00A2D87A /* scrollCell.m */,
				DFEA8EC31D23BA2900A2D87A /* scrollBrowserView.h */,
				DFEA8EC41D23BA2900A2D87A /* scrollBrowserView.m */,
				DFEA8ED01D2CFCD800A2D87A /* resultimageview.h */,
				DFEA8ED11D2CFCD800A2D87A /* resultimageview.m */,
				2914A8081D6F2B3C0021E9E6 /* BrushPoint.h */,
				2914A8091D6F2B3C0021E9E6 /* BrushPoint.m */,
				DF3824E61D79B718006101F1 /* mattwindowcontroller.h */,
				DF3824E71D79B718006101F1 /* mattwindowcontroller.m */,
				DF3824E81D79B718006101F1 /* mattwindowcontroller.xib */,
				DFCB82F51DBF1F2300ECC965 /* serverOptions.h */,
				DFCB82F61DBF1F2300ECC965 /* serverOptions.m */,
				DF96738F1DC07D2B0075DC29 /* drawingBoard.h */,
				DF9673901DC07D2B0075DC29 /* drawingBoard.m */,
				DF9673921DC07E640075DC29 /* boardshell.h */,
				DF9673931DC07E640075DC29 /* boardshell.m */,
				DF6836091DC895EB003AC041 /* editimageresultview.h */,
				DF68360A1DC895EB003AC041 /* editimageresultview.m */,
				DF98F90F1E1246B200893D08 /* backgroundview.h */,
				DF98F9101E1246B200893D08 /* backgroundview.m */,
				DF98F9121E12470900893D08 /* backgroundedit.h */,
				DF98F9131E12470900893D08 /* backgroundedit.m */,
				DF98F9151E1249D100893D08 /* util.h */,
			);
			path = testDrawSketch;
			sourceTree = "<group>";
		};
		DF3CFF951CF6908B008B325B /* Supporting Files */ = {
			isa = PBXGroup;
			children = (
				DF3CFF961CF6908B008B325B /* main.m */,
			);
			name = "Supporting Files";
			sourceTree = "<group>";
		};
		DF3CFFA51CF6908B008B325B /* testDrawSketchTests */ = {
			isa = PBXGroup;
			children = (
				DF3CFFA61CF6908B008B325B /* testDrawSketchTests.m */,
				DF3CFFA81CF6908B008B325B /* Info.plist */,
			);
			path = testDrawSketchTests;
			sourceTree = "<group>";
		};
		DF3CFFB01CF6908B008B325B /* testDrawSketchUITests */ = {
			isa = PBXGroup;
			children = (
				DF3CFFB11CF6908B008B325B /* testDrawSketchUITests.m */,
				DF3CFFB31CF6908B008B325B /* Info.plist */,
			);
			path = testDrawSketchUITests;
			sourceTree = "<group>";
		};
		DFCB82F81DBF2BD000ECC965 /* optionplist */ = {
			isa = PBXGroup;
			children = (
				DFCB82F91DBF2C1500ECC965 /* serveroptions.plist */,
			);
			name = optionplist;
			sourceTree = "<group>";
		};
		DFEA8EBA1D23B8D500A2D87A /* icons */ = {
			isa = PBXGroup;
			children = (
				DF139FE61D7FE3460018C063 /* insert.png */,
				2914A8201D71D0860021E9E6 /* strokeclick.png */,
				2914A81E1D71CC1F0021E9E6 /* stroke.png */,
				DF043B7F1DF062C000E42460 /* arrow.png */,
				2914A81C1D71C6E60021E9E6 /* pencil.png */,
				DF3824DC1D7037B4006101F1 /* mouseover.png */,
				2914A79E1D6F23D60021E9E6 /* backg.png */,
				2914A79F1D6F23D60021E9E6 /* background.png */,
				2914A7A01D6F23D60021E9E6 /* bordermark.png */,
				2914A7A11D6F23D60021E9E6 /* centermove.png */,
				2914A7A21D6F23D60021E9E6 /* erase.png */,
				2914A7A31D6F23D60021E9E6 /* in.png */,
				2914A7A41D6F23D60021E9E6 /* inclick.png */,
				2914A7A51D6F23D60021E9E6 /* itunes_barFill.png */,
				2914A7A61D6F23D60021E9E6 /* itunes_barFillBeforeknob.png */,
				2914A7A71D6F23D60021E9E6 /* itunes_barLeftAge.png */,
				2914A7A81D6F23D60021E9E6 /* itunes_barRightAge.png */,
				2914A7A91D6F23D60021E9E6 /* itunes_knob.png */,
				2914A7AA1D6F23D60021E9E6 /* leftcorner.png */,
				2914A7AB1D6F23D60021E9E6 /* newbg.png */,
				2914A7AC1D6F23D60021E9E6 /* open.png */,
				2914A7AD1D6F23D60021E9E6 /* out.png */,
				2914A7AE1D6F23D60021E9E6 /* outclick.png */,
				2914A7AF1D6F23D60021E9E6 /* red.logoist */,
				2914A7B01D6F23D60021E9E6 /* redo.png */,
				2914A7B11D6F23D60021E9E6 /* rightbuttom.png */,
				2914A7B21D6F23D60021E9E6 /* rightcorner.png */,
				2914A7B31D6F23D60021E9E6 /* save.png */,
				2914A7B41D6F23D60021E9E6 /* smallbg.png */,
				2914A7B51D6F23D60021E9E6 /* start.png */,
				2914A7B61D6F23D60021E9E6 /* undo.png */,
				2914A7B71D6F23D60021E9E6 /* zoomin.png */,
				2914A7B81D6F23D60021E9E6 /* zoominclick.png */,
				2914A7B91D6F23D60021E9E6 /* zoomout.png */,
				DFDE8E251D337A0300A13724 /* blue.png */,
				DFDE8E261D337A0300A13724 /* green.png */,
				DFDE8E271D337A0300A13724 /* purple.png */,
				DF415F4C1DBB4B4000079302 /* pink.png */,
				DFDE8E281D337A0300A13724 /* red.png */,
				DFDE8E291D337A0300A13724 /* tick.png */,
				DFDE8E2A1D337A0300A13724 /* yellow.png */,
				DFCB82FB1DBF2F7D00ECC965 /* sogouimage.ico */,
				DFCB82FC1DBF2F7D00ECC965 /* bingimage.ico */,
				DFCB82FD1DBF2F7D00ECC965 /* baiduimage.ico */,
			);
			name = icons;
			sourceTree = "<group>";
		};
/* End PBXGroup section */

/* Begin PBXNativeTarget section */
		DF3CFF8E1CF6908B008B325B /* testDrawSketch */ = {
			isa = PBXNativeTarget;
			buildConfigurationList = DF3CFFB61CF6908B008B325B /* Build configuration list for PBXNativeTarget "testDrawSketch" */;
			buildPhases = (
				DF3CFF8B1CF6908B008B325B /* Sources */,
				DF3CFF8C1CF6908B008B325B /* Frameworks */,
				DF3CFF8D1CF6908B008B325B /* Resources */,
				2966C57B1D522D2E001FFB7E /* CopyFiles */,
				2966C57A1D522D18001FFB7E /* ShellScript */,
			);
			buildRules = (
			);
			dependencies = (
			);
			name = testDrawSketch;
			productName = testDrawSketch;
			productReference = DF3CFF8F1CF6908B008B325B /* testDrawSketch.app */;
			productType = "com.apple.product-type.application";
		};
		DF3CFFA11CF6908B008B325B /* testDrawSketchTests */ = {
			isa = PBXNativeTarget;
			buildConfigurationList = DF3CFFB91CF6908B008B325B /* Build configuration list for PBXNativeTarget "testDrawSketchTests" */;
			buildPhases = (
				DF3CFF9E1CF6908B008B325B /* Sources */,
				DF3CFF9F1CF6908B008B325B /* Frameworks */,
				DF3CFFA01CF6908B008B325B /* Resources */,
			);
			buildRules = (
			);
			dependencies = (
				DF3CFFA41CF6908B008B325B /* PBXTargetDependency */,
			);
			name = testDrawSketchTests;
			productName = testDrawSketchTests;
			productReference = DF3CFFA21CF6908B008B325B /* testDrawSketchTests.xctest */;
			productType = "com.apple.product-type.bundle.unit-test";
		};
		DF3CFFAC1CF6908B008B325B /* testDrawSketchUITests */ = {
			isa = PBXNativeTarget;
			buildConfigurationList = DF3CFFBC1CF6908B008B325B /* Build configuration list for PBXNativeTarget "testDrawSketchUITests" */;
			buildPhases = (
				DF3CFFA91CF6908B008B325B /* Sources */,
				DF3CFFAA1CF6908B008B325B /* Frameworks */,
				DF3CFFAB1CF6908B008B325B /* Resources */,
			);
			buildRules = (
			);
			dependencies = (
				DF3CFFAF1CF6908B008B325B /* PBXTargetDependency */,
			);
			name = testDrawSketchUITests;
			productName = testDrawSketchUITests;
			productReference = DF3CFFAD1CF6908B008B325B /* testDrawSketchUITests.xctest */;
			productType = "com.apple.product-type.bundle.ui-testing";
		};
/* End PBXNativeTarget section */

/* Begin PBXProject section */
		DF3CFF871CF6908B008B325B /* Project object */ = {
			isa = PBXProject;
			attributes = {
				LastUpgradeCheck = 0730;
				ORGANIZATIONNAME = xusea;
				TargetAttributes = {
					DF3CFF8E1CF6908B008B325B = {
						CreatedOnToolsVersion = 7.3.1;
						DevelopmentTeam = X3K4HVUM22;
						ProvisioningStyle = Automatic;
					};
					DF3CFFA11CF6908B008B325B = {
						CreatedOnToolsVersion = 7.3.1;
						TestTargetID = DF3CFF8E1CF6908B008B325B;
					};
					DF3CFFAC1CF6908B008B325B = {
						CreatedOnToolsVersion = 7.3.1;
						TestTargetID = DF3CFF8E1CF6908B008B325B;
					};
				};
			};
			buildConfigurationList = DF3CFF8A1CF6908B008B325B /* Build configuration list for PBXProject "testDrawSketch" */;
			compatibilityVersion = "Xcode 3.2";
			developmentRegion = English;
			hasScannedForEncodings = 0;
			knownRegions = (
				en,
				Base,
			);
			mainGroup = DF3CFF861CF6908B008B325B;
			productRefGroup = DF3CFF901CF6908B008B325B /* Products */;
			projectDirPath = "";
			projectRoot = "";
			targets = (
				DF3CFF8E1CF6908B008B325B /* testDrawSketch */,
				DF3CFFA11CF6908B008B325B /* testDrawSketchTests */,
				DF3CFFAC1CF6908B008B325B /* testDrawSketchUITests */,
			);
		};
/* End PBXProject section */

/* Begin PBXResourcesBuildPhase section */
		DF3CFF8D1CF6908B008B325B /* Resources */ = {
			isa = PBXResourcesBuildPhase;
			buildActionMask = 2147483647;
			files = (
				2914A81D1D71C6E60021E9E6 /* pencil.png in Resources */,
				DF415F4D1DBB4B4000079302 /* pink.png in Resources */,
				2914A7C31D6F23D60021E9E6 /* itunes_barLeftAge.png in Resources */,
				2914A7C61D6F23D60021E9E6 /* leftcorner.png in Resources */,
				2914A7CC1D6F23D60021E9E6 /* redo.png in Resources */,
				2914A7CE1D6F23D60021E9E6 /* rightcorner.png in Resources */,
				2914A7BA1D6F23D60021E9E6 /* backg.png in Resources */,
				2914A7C71D6F23D60021E9E6 /* newbg.png in Resources */,
				2914A7BB1D6F23D60021E9E6 /* background.png in Resources */,
				DF6AA2691D927C310000184C /* resultdetailViewController.xib in Resources */,
				DF043B801DF062C000E42460 /* arrow.png in Resources */,
				DF3CFF991CF6908B008B325B /* Assets.xcassets in Resources */,
				DF38248C1D6FDE95006101F1 /* progresswindow.xib in Resources */,
				DFDE8E301D337A0300A13724 /* yellow.png in Resources */,
				2914A7BF1D6F23D60021E9E6 /* in.png in Resources */,
				2914A7D11D6F23D60021E9E6 /* start.png in Resources */,
				DFDE8E2C1D337A0300A13724 /* green.png in Resources */,
				DF3824EA1D79B718006101F1 /* mattwindowcontroller.xib in Resources */,
				DFCB82FF1DBF2F7D00ECC965 /* bingimage.ico in Resources */,
				2914A7C21D6F23D60021E9E6 /* itunes_barFillBeforeknob.png in Resources */,
				2914A7D01D6F23D60021E9E6 /* smallbg.png in Resources */,
				2914A7CA1D6F23D60021E9E6 /* outclick.png in Resources */,
				2914A81F1D71CC1F0021E9E6 /* stroke.png in Resources */,
				DF3824DD1D7037B4006101F1 /* mouseover.png in Resources */,
				2914A7BD1D6F23D60021E9E6 /* centermove.png in Resources */,
				DFCB82FE1DBF2F7D00ECC965 /* sogouimage.ico in Resources */,
				DFDE8E2D1D337A0300A13724 /* purple.png in Resources */,
				2914A7C11D6F23D60021E9E6 /* itunes_barFill.png in Resources */,
				2914A7C81D6F23D60021E9E6 /* open.png in Resources */,
				DFDE8E2E1D337A0300A13724 /* red.png in Resources */,
				DFDE8E2F1D337A0300A13724 /* tick.png in Resources */,
				2914A7C01D6F23D60021E9E6 /* inclick.png in Resources */,
				2914A8211D71D0860021E9E6 /* strokeclick.png in Resources */,
				2914A7D41D6F23D60021E9E6 /* zoominclick.png in Resources */,
				2914A7CD1D6F23D60021E9E6 /* rightbuttom.png in Resources */,
				2914A7C41D6F23D60021E9E6 /* itunes_barRightAge.png in Resources */,
				DFCB83001DBF2F7D00ECC965 /* baiduimage.ico in Resources */,
				2914A7C91D6F23D60021E9E6 /* out.png in Resources */,
				2914A7C51D6F23D60021E9E6 /* itunes_knob.png in Resources */,
				2914A7D51D6F23D60021E9E6 /* zoomout.png in Resources */,
				DF3CFF9C1CF6908B008B325B /* MainMenu.xib in Resources */,
				2914A8071D6F241E0021E9E6 /* mattviewController.xib in Resources */,
				DFCB82FA1DBF2C1500ECC965 /* serveroptions.plist in Resources */,
				2914A7D31D6F23D60021E9E6 /* zoomin.png in Resources */,
				2914A7BE1D6F23D60021E9E6 /* erase.png in Resources */,
				DF139FE71D7FE3460018C063 /* insert.png in Resources */,
				2914A7CF1D6F23D60021E9E6 /* save.png in Resources */,
				2914A7CB1D6F23D60021E9E6 /* red.logoist in Resources */,
				DFDE8E2B1D337A0300A13724 /* blue.png in Resources */,
				2914A7BC1D6F23D60021E9E6 /* bordermark.png in Resources */,
				2914A7D21D6F23D60021E9E6 /* undo.png in Resources */,
			);
			runOnlyForDeploymentPostprocessing = 0;
		};
		DF3CFFA01CF6908B008B325B /* Resources */ = {
			isa = PBXResourcesBuildPhase;
			buildActionMask = 2147483647;
			files = (
			);
			runOnlyForDeploymentPostprocessing = 0;
		};
		DF3CFFAB1CF6908B008B325B /* Resources */ = {
			isa = PBXResourcesBuildPhase;
			buildActionMask = 2147483647;
			files = (
			);
			runOnlyForDeploymentPostprocessing = 0;
		};
/* End PBXResourcesBuildPhase section */

/* Begin PBXShellScriptBuildPhase section */
		2966C57A1D522D18001FFB7E /* ShellScript */ = {
			isa = PBXShellScriptBuildPhase;
			buildActionMask = 2147483647;
			files = (
			);
			inputPaths = (
			);
			outputPaths = (
			);
			runOnlyForDeploymentPostprocessing = 0;
			shellPath = /bin/sh;
			shellScript = "echo \"BUILDING XXXXX ${TARGET_NAME}\"\necho \"${BUILT_PRODUCTS_DIR}\"\ndyliblist=`otool -L ${BUILT_PRODUCTS_DIR}/${TARGET_NAME}.app/Contents/MacOS/${TARGET_NAME} | grep dylib`\necho $dyliblist\nfor dylib in $dyliblist\ndo\nflag=`echo $dylib | awk '{\nn=index($0, \"dylib\");\nif(n==0)\n{\n    print 0;\n}\nelse\n{\n    n=index($0, \"local\");\n    if(n==0)\n    {\n        if(index($0, \"xusea\")>0)\n        {\n            print 1;\n        }\n        else\n        {\n            print 0;\n        }\n    }\n    else\n    {\n        print 1;\n    }\n}\n}'`\nif [ $flag -eq 0 ]\nthen\ncontinue\nfi\nnewdylib=`echo $dylib | awk '{\nn=split($1, a, \"/\");\nf=a[n];\nprint f;\n#m=split(f, b, \".\");\n#print b[1]\".\"b[m]\n}'`\n#echo \"install_name_tool  -change $dylib @executable_path/../Frameworks/dylib/${newdylib} ${BUILT_PRODUCTS_DIR}/${TARGET_NAME}.app/Contents/MacOS/${TARGET_NAME}\"\ninstall_name_tool  -change $dylib @executable_path/../Frameworks/dylib/${newdylib} ${BUILT_PRODUCTS_DIR}/${TARGET_NAME}.app/Contents/MacOS/${TARGET_NAME}\n#echo \"install_name_tool  -change $dylib @executable_path/../PlugIns/${newdylib} ${BUILT_PRODUCTS_DIR}/${TARGET_NAME}.app/Contents/MacOS/${TARGET_NAME}\"\n\n#install_name_tool  -change $dylib @executable_path/../PlugIns/${newdylib} ${BUILT_PRODUCTS_DIR}/${TARGET_NAME}.app/Contents/MacOS/${TARGET_NAME}\ndone\n";
		};
/* End PBXShellScriptBuildPhase section */

/* Begin PBXSourcesBuildPhase section */
		DF3CFF8B1CF6908B008B325B /* Sources */ = {
			isa = PBXSourcesBuildPhase;
			buildActionMask = 2147483647;
			files = (
				DF98F9111E1246B200893D08 /* backgroundview.m in Sources */,
				DFCB82F71DBF1F2300ECC965 /* serverOptions.m in Sources */,
				DF3824971D6FDE96006101F1 /* progresswindow.m in Sources */,
				DF57CC251D17B405005AD426 /* thumbnailView.m in Sources */,
				DFDE8E221D3379CC00A13724 /* CmSalCut.mm in Sources */,
				DFDE8E211D3379CC00A13724 /* CmGMM.mm in Sources */,
				DF3824931D6FDE96006101F1 /* sharedmatting.mm in Sources */,
				DFEA8ED21D2CFCD800A2D87A /* resultimageview.m in Sources */,
				DF3824901D6FDE96006101F1 /* SynchroScrollView.m in Sources */,
				DF5B40AC1D193739008F8F26 /* drawSketchCollection.m in Sources */,
				DFDE8E201D3379CC00A13724 /* CmEvaluation.mm in Sources */,
				DFEA8EC51D23BA2900A2D87A /* scrollBrowserView.m in Sources */,
				DFC58C241D0EA40000E06DFD /* downfile.m in Sources */,
				DFDE8E231D3379CC00A13724 /* CmSaliencyRC.mm in Sources */,
				DF3824E91D79B718006101F1 /* mattwindowcontroller.m in Sources */,
				DFDE8E1F1D3379CC00A13724 /* cmdefine.mm in Sources */,
				2914A8061D6F241E0021E9E6 /* mattviewController.m in Sources */,
				DFDE8E241D3379CC00A13724 /* segment-image.cpp in Sources */,
				DF38248F1D6FDE96006101F1 /* TCScroller.m in Sources */,
				DF98F9141E12470900893D08 /* backgroundedit.m in Sources */,
				DF57CC1B1D0FADA0005AD426 /* imageitem.m in Sources */,
				DF27CE221CFFE4E0009DAA27 /* opencvproxy.mm in Sources */,
				DFDE8E1E1D3379CC00A13724 /* CmCv.mm in Sources */,
				DF38248B1D6FDE95006101F1 /* brushview.m in Sources */,
				DF57CC281D17CD42005AD426 /* thumbnailViewCollection.m in Sources */,
				DF3CFF971CF6908B008B325B /* main.m in Sources */,
				DF9673941DC07E640075DC29 /* boardshell.m in Sources */,
				DF3CFFC11CF693AE008B325B /* drawSketch.m in Sources */,
				2914A80A1D6F2B3C0021E9E6 /* BrushPoint.m in Sources */,
				DF3824951D6FDE96006101F1 /* CTCSlider.m in Sources */,
				DF3824911D6FDE96006101F1 /* RFOverlayScroller.m in Sources */,
				DFEA8EB91D23B7CD00A2D87A /* scrollCell.m in Sources */,
				DF38248E1D6FDE95006101F1 /* shellview.m in Sources */,
				DF57CC181D0FA5F6005AD426 /* query2image.m in Sources */,
				DF38248D1D6FDE95006101F1 /* resizebound.m in Sources */,
				DF57CC221D128B0E005AD426 /* scrollimagedelegate.m in Sources */,
				DF6AA2681D927C310000184C /* resultdetailViewController.m in Sources */,
				DF3824961D6FDE96006101F1 /* matt.mm in Sources */,
				DF3824E31D797908006101F1 /* mattbackgroundview.m in Sources */,
				DF3824921D6FDE96006101F1 /* backgroundbound.m in Sources */,
				DF3824941D6FDE96006101F1 /* CTCSliderCell.m in Sources */,
				DF68360B1DC895EB003AC041 /* editimageresultview.m in Sources */,
				DF27CE1F1CFEC5A7009DAA27 /* imagetrans.m in Sources */,
				DF9673911DC07D2B0075DC29 /* drawingBoard.m in Sources */,
				DF3824E01D703A57006101F1 /* premattview.m in Sources */,
				DF3CFF941CF6908B008B325B /* AppDelegate.m in Sources */,
			);
			runOnlyForDeploymentPostprocessing = 0;
		};
		DF3CFF9E1CF6908B008B325B /* Sources */ = {
			isa = PBXSourcesBuildPhase;
			buildActionMask = 2147483647;
			files = (
				DF3CFFA71CF6908B008B325B /* testDrawSketchTests.m in Sources */,
			);
			runOnlyForDeploymentPostprocessing = 0;
		};
		DF3CFFA91CF6908B008B325B /* Sources */ = {
			isa = PBXSourcesBuildPhase;
			buildActionMask = 2147483647;
			files = (
				DF3CFFB21CF6908B008B325B /* testDrawSketchUITests.m in Sources */,
			);
			runOnlyForDeploymentPostprocessing = 0;
		};
/* End PBXSourcesBuildPhase section */

/* Begin PBXTargetDependency section */
		DF3CFFA41CF6908B008B325B /* PBXTargetDependency */ = {
			isa = PBXTargetDependency;
			target = DF3CFF8E1CF6908B008B325B /* testDrawSketch */;
			targetProxy = DF3CFFA31CF6908B008B325B /* PBXContainerItemProxy */;
		};
		DF3CFFAF1CF6908B008B325B /* PBXTargetDependency */ = {
			isa = PBXTargetDependency;
			target = DF3CFF8E1CF6908B008B325B /* testDrawSketch */;
			targetProxy = DF3CFFAE1CF6908B008B325B /* PBXContainerItemProxy */;
		};
/* End PBXTargetDependency section */

/* Begin PBXVariantGroup section */
		DF3CFF9A1CF6908B008B325B /* MainMenu.xib */ = {
			isa = PBXVariantGroup;
			children = (
				DF3CFF9B1CF6908B008B325B /* Base */,
			);
			name = MainMenu.xib;
			sourceTree = "<group>";
		};
/* End PBXVariantGroup section */

/* Begin XCBuildConfiguration section */
		DF3CFFB41CF6908B008B325B /* Debug */ = {
			isa = XCBuildConfiguration;
			buildSettings = {
				ALWAYS_SEARCH_USER_PATHS = NO;
				CLANG_ANALYZER_NONNULL = YES;
				CLANG_CXX_LANGUAGE_STANDARD = "gnu++0x";
				CLANG_CXX_LIBRARY = "libc++";
				CLANG_ENABLE_MODULES = YES;
				CLANG_ENABLE_OBJC_ARC = YES;
				CLANG_WARN_BOOL_CONVERSION = YES;
				CLANG_WARN_CONSTANT_CONVERSION = YES;
				CLANG_WARN_DIRECT_OBJC_ISA_USAGE = YES_ERROR;
				CLANG_WARN_EMPTY_BODY = YES;
				CLANG_WARN_ENUM_CONVERSION = YES;
				CLANG_WARN_INT_CONVERSION = YES;
				CLANG_WARN_OBJC_ROOT_CLASS = YES_ERROR;
				CLANG_WARN_UNREACHABLE_CODE = YES;
				CLANG_WARN__DUPLICATE_METHOD_MATCH = YES;
				CODE_SIGN_IDENTITY = "-";
				COPY_PHASE_STRIP = NO;
				DEBUG_INFORMATION_FORMAT = dwarf;
				ENABLE_STRICT_OBJC_MSGSEND = YES;
				ENABLE_TESTABILITY = YES;
				GCC_C_LANGUAGE_STANDARD = gnu99;
				GCC_DYNAMIC_NO_PIC = NO;
				GCC_NO_COMMON_BLOCKS = YES;
				GCC_OPTIMIZATION_LEVEL = 0;
				GCC_PREPROCESSOR_DEFINITIONS = (
					"DEBUG=1",
					"$(inherited)",
				);
				GCC_WARN_64_TO_32_BIT_CONVERSION = YES;
				GCC_WARN_ABOUT_RETURN_TYPE = YES_ERROR;
				GCC_WARN_UNDECLARED_SELECTOR = YES;
				GCC_WARN_UNINITIALIZED_AUTOS = YES_AGGRESSIVE;
				GCC_WARN_UNUSED_FUNCTION = YES;
				GCC_WARN_UNUSED_VARIABLE = YES;
				MACOSX_DEPLOYMENT_TARGET = 10.11;
				MTL_ENABLE_DEBUG_INFO = YES;
				ONLY_ACTIVE_ARCH = YES;
				SDKROOT = macosx;
			};
			name = Debug;
		};
		DF3CFFB51CF6908B008B325B /* Release */ = {
			isa = XCBuildConfiguration;
			buildSettings = {
				ALWAYS_SEARCH_USER_PATHS = NO;
				CLANG_ANALYZER_NONNULL = YES;
				CLANG_CXX_LANGUAGE_STANDARD = "gnu++0x";
				CLANG_CXX_LIBRARY = "libc++";
				CLANG_ENABLE_MODULES = YES;
				CLANG_ENABLE_OBJC_ARC = YES;
				CLANG_WARN_BOOL_CONVERSION = YES;
				CLANG_WARN_CONSTANT_CONVERSION = YES;
				CLANG_WARN_DIRECT_OBJC_ISA_USAGE = YES_ERROR;
				CLANG_WARN_EMPTY_BODY = YES;
				CLANG_WARN_ENUM_CONVERSION = YES;
				CLANG_WARN_INT_CONVERSION = YES;
				CLANG_WARN_OBJC_ROOT_CLASS = YES_ERROR;
				CLANG_WARN_UNREACHABLE_CODE = YES;
				CLANG_WARN__DUPLICATE_METHOD_MATCH = YES;
				CODE_SIGN_IDENTITY = "-";
				COPY_PHASE_STRIP = NO;
				DEBUG_INFORMATION_FORMAT = "dwarf-with-dsym";
				ENABLE_NS_ASSERTIONS = NO;
				ENABLE_STRICT_OBJC_MSGSEND = YES;
				GCC_C_LANGUAGE_STANDARD = gnu99;
				GCC_NO_COMMON_BLOCKS = YES;
				GCC_WARN_64_TO_32_BIT_CONVERSION = YES;
				GCC_WARN_ABOUT_RETURN_TYPE = YES_ERROR;
				GCC_WARN_UNDECLARED_SELECTOR = YES;
				GCC_WARN_UNINITIALIZED_AUTOS = YES_AGGRESSIVE;
				GCC_WARN_UNUSED_FUNCTION = YES;
				GCC_WARN_UNUSED_VARIABLE = YES;
				MACOSX_DEPLOYMENT_TARGET = 10.11;
				MTL_ENABLE_DEBUG_INFO = NO;
				SDKROOT = macosx;
			};
			name = Release;
		};
		DF3CFFB71CF6908B008B325B /* Debug */ = {
			isa = XCBuildConfiguration;
			buildSettings = {
				ASSETCATALOG_COMPILER_APPICON_NAME = AppIcon;
				CODE_SIGN_IDENTITY = "Mac Developer";
				COMBINE_HIDPI_IMAGES = YES;
				DEVELOPMENT_TEAM = X3K4HVUM22;
				GCC_INPUT_FILETYPE = sourcecode.cpp.objcpp;
				INFOPLIST_FILE = testDrawSketch/Info.plist;
				LD_RUNPATH_SEARCH_PATHS = "$(inherited) @executable_path/../Frameworks";
				LIBRARY_SEARCH_PATHS = ../lib_dylib/;
				MACOSX_DEPLOYMENT_TARGET = 10.12;
				PRODUCT_BUNDLE_IDENTIFIER = com.tc.testDrawSketch;
				PRODUCT_NAME = "$(TARGET_NAME)";
				USER_HEADER_SEARCH_PATHS = "/usr/local/include/opencv2 /usr/local/include/opencv /usr/local/include";
			};
			name = Debug;
		};
		DF3CFFB81CF6908B008B325B /* Release */ = {
			isa = XCBuildConfiguration;
			buildSettings = {
				ASSETCATALOG_COMPILER_APPICON_NAME = AppIcon;
				CODE_SIGN_IDENTITY = "Mac Developer";
				COMBINE_HIDPI_IMAGES = YES;
				DEVELOPMENT_TEAM = X3K4HVUM22;
				GCC_INPUT_FILETYPE = sourcecode.cpp.objcpp;
				INFOPLIST_FILE = testDrawSketch/Info.plist;
				LD_RUNPATH_SEARCH_PATHS = "$(inherited) @executable_path/../Frameworks";
				LIBRARY_SEARCH_PATHS = ../lib_dylib/;
				MACOSX_DEPLOYMENT_TARGET = 10.12;
				PRODUCT_BUNDLE_IDENTIFIER = com.tc.testDrawSketch;
				PRODUCT_NAME = "$(TARGET_NAME)";
				USER_HEADER_SEARCH_PATHS = "/usr/local/include/opencv2 /usr/local/include/opencv /usr/local/include";
			};
			name = Release;
		};
		DF3CFFBA1CF6908B008B325B /* Debug */ = {
			isa = XCBuildConfiguration;
			buildSettings = {
				BUNDLE_LOADER = "$(TEST_HOST)";
				COMBINE_HIDPI_IMAGES = YES;
				INFOPLIST_FILE = testDrawSketchTests/Info.plist;
				LD_RUNPATH_SEARCH_PATHS = "$(inherited) @executable_path/../Frameworks @loader_path/../Frameworks";
				PRODUCT_BUNDLE_IDENTIFIER = com.tc.testDrawSketchTests;
				PRODUCT_NAME = "$(TARGET_NAME)";
				TEST_HOST = "$(BUILT_PRODUCTS_DIR)/testDrawSketch.app/Contents/MacOS/testDrawSketch";
			};
			name = Debug;
		};
		DF3CFFBB1CF6908B008B325B /* Release */ = {
			isa = XCBuildConfiguration;
			buildSettings = {
				BUNDLE_LOADER = "$(TEST_HOST)";
				COMBINE_HIDPI_IMAGES = YES;
				INFOPLIST_FILE = testDrawSketchTests/Info.plist;
				LD_RUNPATH_SEARCH_PATHS = "$(inherited) @executable_path/../Frameworks @loader_path/../Frameworks";
				PRODUCT_BUNDLE_IDENTIFIER = com.tc.testDrawSketchTests;
				PRODUCT_NAME = "$(TARGET_NAME)";
				TEST_HOST = "$(BUILT_PRODUCTS_DIR)/testDrawSketch.app/Contents/MacOS/testDrawSketch";
			};
			name = Release;
		};
		DF3CFFBD1CF6908B008B325B /* Debug */ = {
			isa = XCBuildConfiguration;
			buildSettings = {
				COMBINE_HIDPI_IMAGES = YES;
				INFOPLIST_FILE = testDrawSketchUITests/Info.plist;
				LD_RUNPATH_SEARCH_PATHS = "$(inherited) @executable_path/../Frameworks @loader_path/../Frameworks";
				PRODUCT_BUNDLE_IDENTIFIER = com.tc.testDrawSketchUITests;
				PRODUCT_NAME = "$(TARGET_NAME)";
				TEST_TARGET_NAME = testDrawSketch;
			};
			name = Debug;
		};
		DF3CFFBE1CF6908B008B325B /* Release */ = {
			isa = XCBuildConfiguration;
			buildSettings = {
				COMBINE_HIDPI_IMAGES = YES;
				INFOPLIST_FILE = testDrawSketchUITests/Info.plist;
				LD_RUNPATH_SEARCH_PATHS = "$(inherited) @executable_path/../Frameworks @loader_path/../Frameworks";
				PRODUCT_BUNDLE_IDENTIFIER = com.tc.testDrawSketchUITests;
				PRODUCT_NAME = "$(TARGET_NAME)";
				TEST_TARGET_NAME = testDrawSketch;
			};
			name = Release;
		};
/* End XCBuildConfiguration section */

/* Begin XCConfigurationList section */
		DF3CFF8A1CF6908B008B325B /* Build configuration list for PBXProject "testDrawSketch" */ = {
			isa = XCConfigurationList;
			buildConfigurations = (
				DF3CFFB41CF6908B008B325B /* Debug */,
				DF3CFFB51CF6908B008B325B /* Release */,
			);
			defaultConfigurationIsVisible = 0;
			defaultConfigurationName = Release;
		};
		DF3CFFB61CF6908B008B325B /* Build configuration list for PBXNativeTarget "testDrawSketch" */ = {
			isa = XCConfigurationList;
			buildConfigurations = (
				DF3CFFB71CF6908B008B325B /* Debug */,
				DF3CFFB81CF6908B008B325B /* Release */,
			);
			defaultConfigurationIsVisible = 0;
			defaultConfigurationName = Release;
		};
		DF3CFFB91CF6908B008B325B /* Build configuration list for PBXNativeTarget "testDrawSketchTests" */ = {
			isa = XCConfigurationList;
			buildConfigurations = (
				DF3CFFBA1CF6908B008B325B /* Debug */,
				DF3CFFBB1CF6908B008B325B /* Release */,
			);
			defaultConfigurationIsVisible = 0;
			defaultConfigurationName = Release;
		};
		DF3CFFBC1CF6908B008B325B /* Build configuration list for PBXNativeTarget "testDrawSketchUITests" */ = {
			isa = XCConfigurationList;
			buildConfigurations = (
				DF3CFFBD1CF6908B008B325B /* Debug */,
				DF3CFFBE1CF6908B008B325B /* Release */,
			);
			defaultConfigurationIsVisible = 0;
			defaultConfigurationName = Release;
		};
/* End XCConfigurationList section */
	};
	rootObject = DF3CFF871CF6908B008B325B /* Project object */;
}
